// !$*UTF8*$!
{
	archiveVersion = 1;
	classes = {
	};
	objectVersion = 46;
	objects = {

/* Begin PBXBuildFile section */
		1800C71916FD502C003EB755 /* webResultViewController.m in Sources */ = {isa = PBXBuildFile; fileRef = 1800C71716FD502C003EB755 /* webResultViewController.m */; };
		1800C71A16FD502C003EB755 /* webResultViewController.xib in Resources */ = {isa = PBXBuildFile; fileRef = 1800C71816FD502C003EB755 /* webResultViewController.xib */; };
		18013537163D83B6007E3E00 /* data.plist in Resources */ = {isa = PBXBuildFile; fileRef = 18013536163D83B6007E3E00 /* data.plist */; };
		1842BF4616FDF5CC00F4C80C /* libz.1.2.5.dylib in Frameworks */ = {isa = PBXBuildFile; fileRef = 1842BF4516FDF5CC00F4C80C /* libz.1.2.5.dylib */; };
		184C90E2162C47A600CF6CA5 /* HttpClientSampleViewController.m in Sources */ = {isa = PBXBuildFile; fileRef = 184C90E1162C47A600CF6CA5 /* HttpClientSampleViewController.m */; };
		184C90E9162C47B600CF6CA5 /* HttpClient.m in Sources */ = {isa = PBXBuildFile; fileRef = 184C90E5162C47B600CF6CA5 /* HttpClient.m */; settings = {COMPILER_FLAGS = "-fno-objc-arc"; }; };
		184C90EA162C47B600CF6CA5 /* HttpConnection.m in Sources */ = {isa = PBXBuildFile; fileRef = 184C90E8162C47B600CF6CA5 /* HttpConnection.m */; settings = {COMPILER_FLAGS = "-fno-objc-arc"; }; };
		184C90ED162C486400CF6CA5 /* JSONKit.m in Sources */ = {isa = PBXBuildFile; fileRef = 184C90EC162C486400CF6CA5 /* JSONKit.m */; settings = {COMPILER_FLAGS = "-fno-objc-arc"; }; };
		184CBC24162DA7960035F7EF /* TempViewController.m in Sources */ = {isa = PBXBuildFile; fileRef = 184CBC22162DA7960035F7EF /* TempViewController.m */; };
		184CBC25162DA7960035F7EF /* TempViewController.xib in Resources */ = {isa = PBXBuildFile; fileRef = 184CBC23162DA7960035F7EF /* TempViewController.xib */; };
		184E7B6D163EC673005EB03C /* Default.png in Resources */ = {isa = PBXBuildFile; fileRef = 184E7B6B163EC673005EB03C /* Default.png */; };
		184E7B6E163EC673005EB03C /* Default@2x.png in Resources */ = {isa = PBXBuildFile; fileRef = 184E7B6C163EC673005EB03C /* Default@2x.png */; };
		1853416416FB37F000D401E2 /* HttpPicUploader.m in Sources */ = {isa = PBXBuildFile; fileRef = 1853416316FB37F000D401E2 /* HttpPicUploader.m */; settings = {COMPILER_FLAGS = "-fno-objc-arc"; }; };
		18603B0316F7442200DF6FF8 /* left_arrow.png in Resources */ = {isa = PBXBuildFile; fileRef = 18603AFF16F7442200DF6FF8 /* left_arrow.png */; };
		18603B0416F7442200DF6FF8 /* left_arrow@2x.png in Resources */ = {isa = PBXBuildFile; fileRef = 18603B0016F7442200DF6FF8 /* left_arrow@2x.png */; };
		18603B0516F7442200DF6FF8 /* right_arrow.png in Resources */ = {isa = PBXBuildFile; fileRef = 18603B0116F7442200DF6FF8 /* right_arrow.png */; };
		18603B0616F7442200DF6FF8 /* right_arrow@2x.png in Resources */ = {isa = PBXBuildFile; fileRef = 18603B0216F7442200DF6FF8 /* right_arrow@2x.png */; };
		18603B0916F7443400DF6FF8 /* CKCalendarView.m in Sources */ = {isa = PBXBuildFile; fileRef = 18603B0816F7443400DF6FF8 /* CKCalendarView.m */; };
		188658CB1632717A00798C91 /* AppAboutViewController.m in Sources */ = {isa = PBXBuildFile; fileRef = 188658C91632717A00798C91 /* AppAboutViewController.m */; };
		188658CC1632717A00798C91 /* AppAboutViewController.xib in Resources */ = {isa = PBXBuildFile; fileRef = 188658CA1632717A00798C91 /* AppAboutViewController.xib */; };
		188658D41632864200798C91 /* about.png in Resources */ = {isa = PBXBuildFile; fileRef = 188658D21632864200798C91 /* about.png */; };
		188658D51632864200798C91 /* about@2x.png in Resources */ = {isa = PBXBuildFile; fileRef = 188658D31632864200798C91 /* about@2x.png */; };
		188658D81632A98A00798C91 /* third.png in Resources */ = {isa = PBXBuildFile; fileRef = 188658D61632A98A00798C91 /* third.png */; };
		188658D91632A98A00798C91 /* third@2x.png in Resources */ = {isa = PBXBuildFile; fileRef = 188658D71632A98A00798C91 /* third@2x.png */; };
		1886592C1632D4D800798C91 /* imageCacheManager.m in Sources */ = {isa = PBXBuildFile; fileRef = 1886592B1632D4D800798C91 /* imageCacheManager.m */; };
		18B1805B1768A5DD007A995D /* navigationButtonSider.png in Resources */ = {isa = PBXBuildFile; fileRef = 18B180591768A5DD007A995D /* navigationButtonSider.png */; };
		18B1805C1768A5DD007A995D /* navigationButtonSider@2x.png in Resources */ = {isa = PBXBuildFile; fileRef = 18B1805A1768A5DD007A995D /* navigationButtonSider@2x.png */; };
		18CE5212162AEA490003FC41 /* UIGlossyButton.m in Sources */ = {isa = PBXBuildFile; fileRef = 18CE5211162AEA490003FC41 /* UIGlossyButton.m */; };
		18CE5216162AEC000003FC41 /* background.png in Resources */ = {isa = PBXBuildFile; fileRef = 18CE5214162AEC000003FC41 /* background.png */; };
		18CE5217162AEC000003FC41 /* background@2x.png in Resources */ = {isa = PBXBuildFile; fileRef = 18CE5215162AEC000003FC41 /* background@2x.png */; };
		18F9303616FC95C70069CC03 /* BaiduShiTuViewController.m in Sources */ = {isa = PBXBuildFile; fileRef = 18F9303416FC95C70069CC03 /* BaiduShiTuViewController.m */; };
		18F9303716FC95C70069CC03 /* BaiduShiTuViewController.xib in Resources */ = {isa = PBXBuildFile; fileRef = 18F9303516FC95C70069CC03 /* BaiduShiTuViewController.xib */; };
		18FB426F19276D4100C26C84 /* Default-568h@2x.png in Resources */ = {isa = PBXBuildFile; fileRef = 18FB426E19276D4100C26C84 /* Default-568h@2x.png */; };
		623035F2150C397200DFE883 /* DocList.m in Sources */ = {isa = PBXBuildFile; fileRef = 623035F0150C397200DFE883 /* DocList.m */; };
		623035F3150C397200DFE883 /* DocList.xib in Resources */ = {isa = PBXBuildFile; fileRef = 623035F1150C397200DFE883 /* DocList.xib */; };
		623035F7150C399600DFE883 /* EGORefreshTableHeaderView.m in Sources */ = {isa = PBXBuildFile; fileRef = 623035F6150C399600DFE883 /* EGORefreshTableHeaderView.m */; };
		623035FA150C39C700DFE883 /* blueArrow.png in Resources */ = {isa = PBXBuildFile; fileRef = 623035F8150C39C700DFE883 /* blueArrow.png */; };
		623035FB150C39C700DFE883 /* blueArrow@2x.png in Resources */ = {isa = PBXBuildFile; fileRef = 623035F9150C39C700DFE883 /* blueArrow@2x.png */; };
		62303607150C3EB600DFE883 /* QuartzCore.framework in Frameworks */ = {isa = PBXBuildFile; fileRef = 62303606150C3EB600DFE883 /* QuartzCore.framework */; };
		6230360F150C999300DFE883 /* topicDetailShow.m in Sources */ = {isa = PBXBuildFile; fileRef = 6230360D150C999300DFE883 /* topicDetailShow.m */; };
		62303610150C999300DFE883 /* topicDetailShow.xib in Resources */ = {isa = PBXBuildFile; fileRef = 6230360E150C999300DFE883 /* topicDetailShow.xib */; };
		62303614150CB2DC00DFE883 /* topic.m in Sources */ = {isa = PBXBuildFile; fileRef = 62303613150CB2DC00DFE883 /* topic.m */; };
		62303665150CECC400DFE883 /* title_2.png in Resources */ = {isa = PBXBuildFile; fileRef = 62303655150CECC400DFE883 /* title_2.png */; };
		62303666150CECC400DFE883 /* title_3.png in Resources */ = {isa = PBXBuildFile; fileRef = 62303656150CECC400DFE883 /* title_3.png */; };
		62303667150CECC400DFE883 /* title_4.png in Resources */ = {isa = PBXBuildFile; fileRef = 62303657150CECC400DFE883 /* title_4.png */; };
		62303668150CECC400DFE883 /* title_5.png in Resources */ = {isa = PBXBuildFile; fileRef = 62303658150CECC400DFE883 /* title_5.png */; };
		62303669150CECC400DFE883 /* title_6.png in Resources */ = {isa = PBXBuildFile; fileRef = 62303659150CECC400DFE883 /* title_6.png */; };
		6230366A150CECC400DFE883 /* title_7.png in Resources */ = {isa = PBXBuildFile; fileRef = 6230365A150CECC400DFE883 /* title_7.png */; };
		6230366B150CECC400DFE883 /* title_8.png in Resources */ = {isa = PBXBuildFile; fileRef = 6230365B150CECC400DFE883 /* title_8.png */; };
		6230366C150CECC400DFE883 /* title_9.png in Resources */ = {isa = PBXBuildFile; fileRef = 6230365C150CECC400DFE883 /* title_9.png */; };
		6230366D150CECC400DFE883 /* title_10.png in Resources */ = {isa = PBXBuildFile; fileRef = 6230365D150CECC400DFE883 /* title_10.png */; };
		6230366E150CECC400DFE883 /* title_11.png in Resources */ = {isa = PBXBuildFile; fileRef = 6230365E150CECC400DFE883 /* title_11.png */; };
		6230366F150CECC400DFE883 /* title_12.png in Resources */ = {isa = PBXBuildFile; fileRef = 6230365F150CECC400DFE883 /* title_12.png */; };
		62303670150CECC400DFE883 /* title_13.png in Resources */ = {isa = PBXBuildFile; fileRef = 62303660150CECC400DFE883 /* title_13.png */; };
		62303671150CECC400DFE883 /* title_14.png in Resources */ = {isa = PBXBuildFile; fileRef = 62303661150CECC400DFE883 /* title_14.png */; };
		62303672150CECC400DFE883 /* title_15.png in Resources */ = {isa = PBXBuildFile; fileRef = 62303662150CECC400DFE883 /* title_15.png */; };
		62303673150CECC400DFE883 /* title_16.png in Resources */ = {isa = PBXBuildFile; fileRef = 62303663150CECC400DFE883 /* title_16.png */; };
		62303675150CECEA00DFE883 /* title_1.png in Resources */ = {isa = PBXBuildFile; fileRef = 62303674150CECEA00DFE883 /* title_1.png */; };
		624154DE150AFD9A00944D48 /* UIKit.framework in Frameworks */ = {isa = PBXBuildFile; fileRef = 624154DD150AFD9A00944D48 /* UIKit.framework */; };
		624154E0150AFD9A00944D48 /* Foundation.framework in Frameworks */ = {isa = PBXBuildFile; fileRef = 624154DF150AFD9A00944D48 /* Foundation.framework */; };
		624154E6150AFD9A00944D48 /* InfoPlist.strings in Resources */ = {isa = PBXBuildFile; fileRef = 624154E4150AFD9A00944D48 /* InfoPlist.strings */; };
		624154E8150AFD9A00944D48 /* main.m in Sources */ = {isa = PBXBuildFile; fileRef = 624154E7150AFD9A00944D48 /* main.m */; };
		624154EC150AFD9A00944D48 /* AppDelegate.m in Sources */ = {isa = PBXBuildFile; fileRef = 624154EB150AFD9A00944D48 /* AppDelegate.m */; };
		624154EF150AFD9A00944D48 /* FirstViewController.m in Sources */ = {isa = PBXBuildFile; fileRef = 624154EE150AFD9A00944D48 /* FirstViewController.m */; };
		624154F1150AFD9A00944D48 /* first.png in Resources */ = {isa = PBXBuildFile; fileRef = 624154F0150AFD9A00944D48 /* first.png */; };
		624154F3150AFD9A00944D48 /* first@2x.png in Resources */ = {isa = PBXBuildFile; fileRef = 624154F2150AFD9A00944D48 /* first@2x.png */; };
		624154F6150AFD9A00944D48 /* SecondViewController.m in Sources */ = {isa = PBXBuildFile; fileRef = 624154F5150AFD9A00944D48 /* SecondViewController.m */; };
		624154F8150AFD9A00944D48 /* second.png in Resources */ = {isa = PBXBuildFile; fileRef = 624154F7150AFD9A00944D48 /* second.png */; };
		624154FA150AFD9A00944D48 /* second@2x.png in Resources */ = {isa = PBXBuildFile; fileRef = 624154F9150AFD9A00944D48 /* second@2x.png */; };
		624154FD150AFD9A00944D48 /* FirstViewController_iPhone.xib in Resources */ = {isa = PBXBuildFile; fileRef = 624154FB150AFD9A00944D48 /* FirstViewController_iPhone.xib */; };
		62415500150AFD9A00944D48 /* FirstViewController_iPad.xib in Resources */ = {isa = PBXBuildFile; fileRef = 624154FE150AFD9A00944D48 /* FirstViewController_iPad.xib */; };
		62415503150AFD9A00944D48 /* SecondViewController_iPhone.xib in Resources */ = {isa = PBXBuildFile; fileRef = 62415501150AFD9A00944D48 /* SecondViewController_iPhone.xib */; };
		62415506150AFD9A00944D48 /* SecondViewController_iPad.xib in Resources */ = {isa = PBXBuildFile; fileRef = 62415504150AFD9A00944D48 /* SecondViewController_iPad.xib */; };
		6241550E150AFD9A00944D48 /* SenTestingKit.framework in Frameworks */ = {isa = PBXBuildFile; fileRef = 6241550D150AFD9A00944D48 /* SenTestingKit.framework */; };
		6241550F150AFD9A00944D48 /* UIKit.framework in Frameworks */ = {isa = PBXBuildFile; fileRef = 624154DD150AFD9A00944D48 /* UIKit.framework */; };
		62415510150AFD9A00944D48 /* Foundation.framework in Frameworks */ = {isa = PBXBuildFile; fileRef = 624154DF150AFD9A00944D48 /* Foundation.framework */; };
		62415518150AFD9A00944D48 /* InfoPlist.strings in Resources */ = {isa = PBXBuildFile; fileRef = 62415516150AFD9A00944D48 /* InfoPlist.strings */; };
		6241551B150AFD9A00944D48 /* iSMTH_StockTests.m in Sources */ = {isa = PBXBuildFile; fileRef = 6241551A150AFD9A00944D48 /* iSMTH_StockTests.m */; };
		62415526150AFE0500944D48 /* MyHttp_remoteClient.m in Sources */ = {isa = PBXBuildFile; fileRef = 62415525150AFE0500944D48 /* MyHttp_remoteClient.m */; };
		62415534150B360800944D48 /* libicucore.dylib in Frameworks */ = {isa = PBXBuildFile; fileRef = 62415533150B360700944D48 /* libicucore.dylib */; };
		6241553F150B62A300944D48 /* DataSingleton.m in Sources */ = {isa = PBXBuildFile; fileRef = 6241553E150B62A300944D48 /* DataSingleton.m */; };
		62415542150B62CC00944D48 /* constant.m in Sources */ = {isa = PBXBuildFile; fileRef = 62415541150B62CC00944D48 /* constant.m */; };
		62780CB4154E263E00A4AD5A /* icon.png in Resources */ = {isa = PBXBuildFile; fileRef = 62780CB3154E263E00A4AD5A /* icon.png */; };
		62780CB7154E26B500A4AD5A /* icon@2x.png in Resources */ = {isa = PBXBuildFile; fileRef = 62780CB6154E26B500A4AD5A /* icon@2x.png */; };
		62780CBF154E314200A4AD5A /* NSString+PDRegex.m in Sources */ = {isa = PBXBuildFile; fileRef = 62780CBD154E314200A4AD5A /* NSString+PDRegex.m */; };
		62780CC0154E314200A4AD5A /* RegexOnNSStringIOSExampleTests.m in Sources */ = {isa = PBXBuildFile; fileRef = 62780CBE154E314200A4AD5A /* RegexOnNSStringIOSExampleTests.m */; };
		62780CE4154E680900A4AD5A /* ASIAuthenticationDialog.m in Sources */ = {isa = PBXBuildFile; fileRef = 62780CD1154E680900A4AD5A /* ASIAuthenticationDialog.m */; settings = {COMPILER_FLAGS = "-fno-objc-arc"; }; };
		62780CE5154E680900A4AD5A /* ASIDataCompressor.m in Sources */ = {isa = PBXBuildFile; fileRef = 62780CD4154E680900A4AD5A /* ASIDataCompressor.m */; settings = {COMPILER_FLAGS = "-fno-objc-arc"; }; };
		62780CE6154E680900A4AD5A /* ASIDataDecompressor.m in Sources */ = {isa = PBXBuildFile; fileRef = 62780CD6154E680900A4AD5A /* ASIDataDecompressor.m */; settings = {COMPILER_FLAGS = "-fno-objc-arc"; }; };
		62780CE7154E680900A4AD5A /* ASIDownloadCache.m in Sources */ = {isa = PBXBuildFile; fileRef = 62780CD8154E680900A4AD5A /* ASIDownloadCache.m */; settings = {COMPILER_FLAGS = "-fno-objc-arc"; }; };
		62780CE8154E680900A4AD5A /* ASIFormDataRequest.m in Sources */ = {isa = PBXBuildFile; fileRef = 62780CDA154E680900A4AD5A /* ASIFormDataRequest.m */; settings = {COMPILER_FLAGS = "-fno-objc-arc"; }; };
		62780CE9154E680900A4AD5A /* ASIHTTPRequest.m in Sources */ = {isa = PBXBuildFile; fileRef = 62780CDC154E680900A4AD5A /* ASIHTTPRequest.m */; settings = {COMPILER_FLAGS = "-fno-objc-arc"; }; };
		62780CEA154E680900A4AD5A /* ASIInputStream.m in Sources */ = {isa = PBXBuildFile; fileRef = 62780CE0154E680900A4AD5A /* ASIInputStream.m */; settings = {COMPILER_FLAGS = "-fno-objc-arc"; }; };
		62780CEB154E680900A4AD5A /* ASINetworkQueue.m in Sources */ = {isa = PBXBuildFile; fileRef = 62780CE2154E680900A4AD5A /* ASINetworkQueue.m */; settings = {COMPILER_FLAGS = "-fno-objc-arc"; }; };
		62780CEE154E6A1000A4AD5A /* HttpClinetUingASIhttp_summaryReport.m in Sources */ = {isa = PBXBuildFile; fileRef = 62780CED154E6A1000A4AD5A /* HttpClinetUingASIhttp_summaryReport.m */; };
		62780CF1154E6C5900A4AD5A /* Reachability.m in Sources */ = {isa = PBXBuildFile; fileRef = 62780CF0154E6C5900A4AD5A /* Reachability.m */; settings = {COMPILER_FLAGS = "-fno-objc-arc"; }; };
		62780CF3154E6DB700A4AD5A /* CFNetwork.framework in Frameworks */ = {isa = PBXBuildFile; fileRef = 62780CF2154E6DB600A4AD5A /* CFNetwork.framework */; };
		62780CF5154E6DD200A4AD5A /* libz.dylib in Frameworks */ = {isa = PBXBuildFile; fileRef = 62780CF4154E6DD200A4AD5A /* libz.dylib */; };
		62780CF7154E6DFB00A4AD5A /* MobileCoreServices.framework in Frameworks */ = {isa = PBXBuildFile; fileRef = 62780CF6154E6DFB00A4AD5A /* MobileCoreServices.framework */; };
		62780CF9154E6E2300A4AD5A /* CoreGraphics.framework in Frameworks */ = {isa = PBXBuildFile; fileRef = 62780CF8154E6E2300A4AD5A /* CoreGraphics.framework */; };
		62780CFB154E6EDE00A4AD5A /* SystemConfiguration.framework in Frameworks */ = {isa = PBXBuildFile; fileRef = 62780CFA154E6EDE00A4AD5A /* SystemConfiguration.framework */; };
		628589971569095100FB5410 /* AsyncImageView.m in Sources */ = {isa = PBXBuildFile; fileRef = 6285898F1569095100FB5410 /* AsyncImageView.m */; settings = {COMPILER_FLAGS = "-fno-objc-arc"; }; };
		628589981569095100FB5410 /* FullyLoaded.m in Sources */ = {isa = PBXBuildFile; fileRef = 628589911569095100FB5410 /* FullyLoaded.m */; settings = {COMPILER_FLAGS = "-fno-objc-arc"; }; };
		628589991569095100FB5410 /* WaterflowView.m in Sources */ = {isa = PBXBuildFile; fileRef = 628589941569095100FB5410 /* WaterflowView.m */; settings = {COMPILER_FLAGS = "-fno-objc-arc"; }; };
		628589A01569096800FB5410 /* blueArrow.png in Resources */ = {isa = PBXBuildFile; fileRef = 6285899B1569096800FB5410 /* blueArrow.png */; };
		628589A21569096800FB5410 /* LoadingMoreFooterView.m in Sources */ = {isa = PBXBuildFile; fileRef = 6285899F1569096800FB5410 /* LoadingMoreFooterView.m */; settings = {COMPILER_FLAGS = "-fno-objc-arc"; }; };
		628589A6156909E200FB5410 /* ViewController.m in Sources */ = {isa = PBXBuildFile; fileRef = 628589A4156909E200FB5410 /* ViewController.m */; settings = {COMPILER_FLAGS = "-fno-objc-arc"; }; };
		628589A7156909E200FB5410 /* ViewController.xib in Resources */ = {isa = PBXBuildFile; fileRef = 628589A5156909E200FB5410 /* ViewController.xib */; };
		FA260955163E6816009F3D21 /* libUMFeedback.a in Frameworks */ = {isa = PBXBuildFile; fileRef = FA260952163E6816009F3D21 /* libUMFeedback.a */; };
		FA260956163E6816009F3D21 /* umFeedback.bundle in Resources */ = {isa = PBXBuildFile; fileRef = FA260953163E6816009F3D21 /* umFeedback.bundle */; };
		FA95590316393D010093EADD /* smthLogo.png in Resources */ = {isa = PBXBuildFile; fileRef = FA95590216393D010093EADD /* smthLogo.png */; };
		FA9B6E6916378F8200C5CD92 /* MBProgressHUD.m in Sources */ = {isa = PBXBuildFile; fileRef = FA9B6E6816378F8200C5CD92 /* MBProgressHUD.m */; settings = {COMPILER_FLAGS = "-fno-objc-arc"; }; };
		FA9DA855163E338700402D23 /* libMobClickLibrary.a in Frameworks */ = {isa = PBXBuildFile; fileRef = FA9DA853163E338700402D23 /* libMobClickLibrary.a */; };
		FA9DA85E163E619F00402D23 /* introductionViewController.m in Sources */ = {isa = PBXBuildFile; fileRef = FA9DA85C163E619F00402D23 /* introductionViewController.m */; };
		FA9DA85F163E619F00402D23 /* introductionViewController.xib in Resources */ = {isa = PBXBuildFile; fileRef = FA9DA85D163E619F00402D23 /* introductionViewController.xib */; };
		FAB49D3816410344000883A5 /* libGoogleAdMobAds.a in Frameworks */ = {isa = PBXBuildFile; fileRef = FAB49D3716410344000883A5 /* libGoogleAdMobAds.a */; };
		FAB49D3A1641054B000883A5 /* AudioToolbox.framework in Frameworks */ = {isa = PBXBuildFile; fileRef = FAB49D391641054B000883A5 /* AudioToolbox.framework */; };
		FAB49D3C1641055F000883A5 /* MessageUI.framework in Frameworks */ = {isa = PBXBuildFile; fileRef = FAB49D3B1641055F000883A5 /* MessageUI.framework */; };
		FAB49D4A16411694000883A5 /* address_book.png in Resources */ = {isa = PBXBuildFile; fileRef = FAB49D4916411694000883A5 /* address_book.png */; };
		FAB49D4E164116BD000883A5 /* accountViewController.m in Sources */ = {isa = PBXBuildFile; fileRef = FAB49D4C164116BD000883A5 /* accountViewController.m */; };
		FAB49D4F164116BD000883A5 /* accountViewController.xib in Resources */ = {isa = PBXBuildFile; fileRef = FAB49D4D164116BD000883A5 /* accountViewController.xib */; };
/* End PBXBuildFile section */

/* Begin PBXContainerItemProxy section */
		62415511150AFD9A00944D48 /* PBXContainerItemProxy */ = {
			isa = PBXContainerItemProxy;
			containerPortal = 624154D0150AFD9900944D48 /* Project object */;
			proxyType = 1;
			remoteGlobalIDString = 624154D8150AFD9A00944D48;
			remoteInfo = iSMTH_Stock;
		};
/* End PBXContainerItemProxy section */

/* Begin PBXFileReference section */
		1800C71616FD502C003EB755 /* webResultViewController.h */ = {isa = PBXFileReference; fileEncoding = 4; lastKnownFileType = sourcecode.c.h; path = webResultViewController.h; sourceTree = "<group>"; };
		1800C71716FD502C003EB755 /* webResultViewController.m */ = {isa = PBXFileReference; fileEncoding = 4; lastKnownFileType = sourcecode.c.objc; path = webResultViewController.m; sourceTree = "<group>"; };
		1800C71816FD502C003EB755 /* webResultViewController.xib */ = {isa = PBXFileReference; fileEncoding = 4; lastKnownFileType = file.xib; path = webResultViewController.xib; sourceTree = "<group>"; };
		18013536163D83B6007E3E00 /* data.plist */ = {isa = PBXFileReference; fileEncoding = 4; lastKnownFileType = text.plist.xml; path = data.plist; sourceTree = "<group>"; };
		1842BF4516FDF5CC00F4C80C /* libz.1.2.5.dylib */ = {isa = PBXFileReference; lastKnownFileType = "compiled.mach-o.dylib"; name = libz.1.2.5.dylib; path = usr/lib/libz.1.2.5.dylib; sourceTree = SDKROOT; };
		184C90E0162C47A500CF6CA5 /* HttpClientSampleViewController.h */ = {isa = PBXFileReference; fileEncoding = 4; lastKnownFileType = sourcecode.c.h; path = HttpClientSampleViewController.h; sourceTree = "<group>"; };
		184C90E1162C47A600CF6CA5 /* HttpClientSampleViewController.m */ = {isa = PBXFileReference; fileEncoding = 4; lastKnownFileType = sourcecode.c.objc; path = HttpClientSampleViewController.m; sourceTree = "<group>"; };
		184C90E4162C47B600CF6CA5 /* HttpClient.h */ = {isa = PBXFileReference; fileEncoding = 4; lastKnownFileType = sourcecode.c.h; path = HttpClient.h; sourceTree = "<group>"; };
		184C90E5162C47B600CF6CA5 /* HttpClient.m */ = {isa = PBXFileReference; fileEncoding = 4; lastKnownFileType = sourcecode.c.objc; path = HttpClient.m; sourceTree = "<group>"; };
		184C90E6162C47B600CF6CA5 /* HttpClientDelegate.h */ = {isa = PBXFileReference; fileEncoding = 4; lastKnownFileType = sourcecode.c.h; path = HttpClientDelegate.h; sourceTree = "<group>"; };
		184C90E7162C47B600CF6CA5 /* HttpConnection.h */ = {isa = PBXFileReference; fileEncoding = 4; lastKnownFileType = sourcecode.c.h; path = HttpConnection.h; sourceTree = "<group>"; };
		184C90E8162C47B600CF6CA5 /* HttpConnection.m */ = {isa = PBXFileReference; fileEncoding = 4; lastKnownFileType = sourcecode.c.objc; path = HttpConnection.m; sourceTree = "<group>"; };
		184C90EB162C486400CF6CA5 /* JSONKit.h */ = {isa = PBXFileReference; fileEncoding = 4; lastKnownFileType = sourcecode.c.h; path = JSONKit.h; sourceTree = "<group>"; };
		184C90EC162C486400CF6CA5 /* JSONKit.m */ = {isa = PBXFileReference; fileEncoding = 4; lastKnownFileType = sourcecode.c.objc; path = JSONKit.m; sourceTree = "<group>"; };
		184CBC21162DA7960035F7EF /* TempViewController.h */ = {isa = PBXFileReference; fileEncoding = 4; lastKnownFileType = sourcecode.c.h; path = TempViewController.h; sourceTree = "<group>"; };
		184CBC22162DA7960035F7EF /* TempViewController.m */ = {isa = PBXFileReference; fileEncoding = 4; lastKnownFileType = sourcecode.c.objc; path = TempViewController.m; sourceTree = "<group>"; };
		184CBC23162DA7960035F7EF /* TempViewController.xib */ = {isa = PBXFileReference; fileEncoding = 4; lastKnownFileType = file.xib; path = TempViewController.xib; sourceTree = "<group>"; };
		184E7B6B163EC673005EB03C /* Default.png */ = {isa = PBXFileReference; lastKnownFileType = image.png; path = Default.png; sourceTree = "<group>"; };
		184E7B6C163EC673005EB03C /* Default@2x.png */ = {isa = PBXFileReference; lastKnownFileType = image.png; path = "Default@2x.png"; sourceTree = "<group>"; };
		1853416216FB37F000D401E2 /* HttpPicUploader.h */ = {isa = PBXFileReference; fileEncoding = 4; lastKnownFileType = sourcecode.c.h; name = HttpPicUploader.h; path = ../HttpPicUploader.h; sourceTree = "<group>"; };
		1853416316FB37F000D401E2 /* HttpPicUploader.m */ = {isa = PBXFileReference; fileEncoding = 4; lastKnownFileType = sourcecode.c.objc; name = HttpPicUploader.m; path = ../HttpPicUploader.m; sourceTree = "<group>"; };
		18603AFF16F7442200DF6FF8 /* left_arrow.png */ = {isa = PBXFileReference; lastKnownFileType = image.png; path = left_arrow.png; sourceTree = "<group>"; };
		18603B0016F7442200DF6FF8 /* left_arrow@2x.png */ = {isa = PBXFileReference; lastKnownFileType = image.png; path = "left_arrow@2x.png"; sourceTree = "<group>"; };
		18603B0116F7442200DF6FF8 /* right_arrow.png */ = {isa = PBXFileReference; lastKnownFileType = image.png; path = right_arrow.png; sourceTree = "<group>"; };
		18603B0216F7442200DF6FF8 /* right_arrow@2x.png */ = {isa = PBXFileReference; lastKnownFileType = image.png; path = "right_arrow@2x.png"; sourceTree = "<group>"; };
		18603B0716F7443400DF6FF8 /* CKCalendarView.h */ = {isa = PBXFileReference; fileEncoding = 4; lastKnownFileType = sourcecode.c.h; path = CKCalendarView.h; sourceTree = "<group>"; };
		18603B0816F7443400DF6FF8 /* CKCalendarView.m */ = {isa = PBXFileReference; fileEncoding = 4; lastKnownFileType = sourcecode.c.objc; path = CKCalendarView.m; sourceTree = "<group>"; };
		188658C81632717A00798C91 /* AppAboutViewController.h */ = {isa = PBXFileReference; fileEncoding = 4; lastKnownFileType = sourcecode.c.h; path = AppAboutViewController.h; sourceTree = "<group>"; };
		188658C91632717A00798C91 /* AppAboutViewController.m */ = {isa = PBXFileReference; fileEncoding = 4; lastKnownFileType = sourcecode.c.objc; path = AppAboutViewController.m; sourceTree = "<group>"; };
		188658CA1632717A00798C91 /* AppAboutViewController.xib */ = {isa = PBXFileReference; fileEncoding = 4; lastKnownFileType = file.xib; path = AppAboutViewController.xib; sourceTree = "<group>"; };
		188658D21632864200798C91 /* about.png */ = {isa = PBXFileReference; lastKnownFileType = image.png; path = about.png; sourceTree = "<group>"; };
		188658D31632864200798C91 /* about@2x.png */ = {isa = PBXFileReference; lastKnownFileType = image.png; path = "about@2x.png"; sourceTree = "<group>"; };
		188658D61632A98A00798C91 /* third.png */ = {isa = PBXFileReference; lastKnownFileType = image.png; path = third.png; sourceTree = "<group>"; };
		188658D71632A98A00798C91 /* third@2x.png */ = {isa = PBXFileReference; lastKnownFileType = image.png; path = "third@2x.png"; sourceTree = "<group>"; };
		1886592A1632D4D800798C91 /* imageCacheManager.h */ = {isa = PBXFileReference; fileEncoding = 4; lastKnownFileType = sourcecode.c.h; path = imageCacheManager.h; sourceTree = "<group>"; };
		1886592B1632D4D800798C91 /* imageCacheManager.m */ = {isa = PBXFileReference; fileEncoding = 4; lastKnownFileType = sourcecode.c.objc; path = imageCacheManager.m; sourceTree = "<group>"; };
		18B180591768A5DD007A995D /* navigationButtonSider.png */ = {isa = PBXFileReference; lastKnownFileType = image.png; path = navigationButtonSider.png; sourceTree = "<group>"; };
		18B1805A1768A5DD007A995D /* navigationButtonSider@2x.png */ = {isa = PBXFileReference; lastKnownFileType = image.png; path = "navigationButtonSider@2x.png"; sourceTree = "<group>"; };
		18CE5210162AEA490003FC41 /* UIGlossyButton.h */ = {isa = PBXFileReference; fileEncoding = 4; lastKnownFileType = sourcecode.c.h; path = UIGlossyButton.h; sourceTree = "<group>"; };
		18CE5211162AEA490003FC41 /* UIGlossyButton.m */ = {isa = PBXFileReference; fileEncoding = 4; lastKnownFileType = sourcecode.c.objc; path = UIGlossyButton.m; sourceTree = "<group>"; };
		18CE5214162AEC000003FC41 /* background.png */ = {isa = PBXFileReference; lastKnownFileType = image.png; path = background.png; sourceTree = "<group>"; };
		18CE5215162AEC000003FC41 /* background@2x.png */ = {isa = PBXFileReference; lastKnownFileType = image.png; path = "background@2x.png"; sourceTree = "<group>"; };
		18F9303316FC95C70069CC03 /* BaiduShiTuViewController.h */ = {isa = PBXFileReference; fileEncoding = 4; lastKnownFileType = sourcecode.c.h; path = BaiduShiTuViewController.h; sourceTree = "<group>"; };
		18F9303416FC95C70069CC03 /* BaiduShiTuViewController.m */ = {isa = PBXFileReference; fileEncoding = 4; lastKnownFileType = sourcecode.c.objc; path = BaiduShiTuViewController.m; sourceTree = "<group>"; };
		18F9303516FC95C70069CC03 /* BaiduShiTuViewController.xib */ = {isa = PBXFileReference; fileEncoding = 4; lastKnownFileType = file.xib; path = BaiduShiTuViewController.xib; sourceTree = "<group>"; };
		18FB426E19276D4100C26C84 /* Default-568h@2x.png */ = {isa = PBXFileReference; lastKnownFileType = image.png; path = "Default-568h@2x.png"; sourceTree = "<group>"; };
		623035EF150C397200DFE883 /* DocList.h */ = {isa = PBXFileReference; fileEncoding = 4; lastKnownFileType = sourcecode.c.h; path = DocList.h; sourceTree = "<group>"; };
		623035F0150C397200DFE883 /* DocList.m */ = {isa = PBXFileReference; fileEncoding = 4; lastKnownFileType = sourcecode.c.objc; path = DocList.m; sourceTree = "<group>"; };
		623035F1150C397200DFE883 /* DocList.xib */ = {isa = PBXFileReference; fileEncoding = 4; lastKnownFileType = file.xib; path = DocList.xib; sourceTree = "<group>"; };
		623035F5150C399600DFE883 /* EGORefreshTableHeaderView.h */ = {isa = PBXFileReference; fileEncoding = 4; lastKnownFileType = sourcecode.c.h; path = EGORefreshTableHeaderView.h; sourceTree = "<group>"; };
		623035F6150C399600DFE883 /* EGORefreshTableHeaderView.m */ = {isa = PBXFileReference; fileEncoding = 4; lastKnownFileType = sourcecode.c.objc; path = EGORefreshTableHeaderView.m; sourceTree = "<group>"; };
		623035F8150C39C700DFE883 /* blueArrow.png */ = {isa = PBXFileReference; lastKnownFileType = image.png; path = blueArrow.png; sourceTree = "<group>"; };
		623035F9150C39C700DFE883 /* blueArrow@2x.png */ = {isa = PBXFileReference; lastKnownFileType = image.png; path = "blueArrow@2x.png"; sourceTree = "<group>"; };
		62303606150C3EB600DFE883 /* QuartzCore.framework */ = {isa = PBXFileReference; lastKnownFileType = wrapper.framework; name = QuartzCore.framework; path = System/Library/Frameworks/QuartzCore.framework; sourceTree = SDKROOT; };
		6230360C150C999300DFE883 /* topicDetailShow.h */ = {isa = PBXFileReference; fileEncoding = 4; lastKnownFileType = sourcecode.c.h; name = topicDetailShow.h; path = ../topicDetailShow.h; sourceTree = "<group>"; };
		6230360D150C999300DFE883 /* topicDetailShow.m */ = {isa = PBXFileReference; fileEncoding = 4; lastKnownFileType = sourcecode.c.objc; name = topicDetailShow.m; path = ../topicDetailShow.m; sourceTree = "<group>"; };
		6230360E150C999300DFE883 /* topicDetailShow.xib */ = {isa = PBXFileReference; fileEncoding = 4; lastKnownFileType = file.xib; name = topicDetailShow.xib; path = ../topicDetailShow.xib; sourceTree = "<group>"; };
		62303612150CB2DC00DFE883 /* topic.h */ = {isa = PBXFileReference; fileEncoding = 4; lastKnownFileType = sourcecode.c.h; path = topic.h; sourceTree = "<group>"; };
		62303613150CB2DC00DFE883 /* topic.m */ = {isa = PBXFileReference; fileEncoding = 4; lastKnownFileType = sourcecode.c.objc; path = topic.m; sourceTree = "<group>"; };
		62303655150CECC400DFE883 /* title_2.png */ = {isa = PBXFileReference; lastKnownFileType = image.png; path = title_2.png; sourceTree = "<group>"; };
		62303656150CECC400DFE883 /* title_3.png */ = {isa = PBXFileReference; lastKnownFileType = image.png; path = title_3.png; sourceTree = "<group>"; };
		62303657150CECC400DFE883 /* title_4.png */ = {isa = PBXFileReference; lastKnownFileType = image.png; path = title_4.png; sourceTree = "<group>"; };
		62303658150CECC400DFE883 /* title_5.png */ = {isa = PBXFileReference; lastKnownFileType = image.png; path = title_5.png; sourceTree = "<group>"; };
		62303659150CECC400DFE883 /* title_6.png */ = {isa = PBXFileReference; lastKnownFileType = image.png; path = title_6.png; sourceTree = "<group>"; };
		6230365A150CECC400DFE883 /* title_7.png */ = {isa = PBXFileReference; lastKnownFileType = image.png; path = title_7.png; sourceTree = "<group>"; };
		6230365B150CECC400DFE883 /* title_8.png */ = {isa = PBXFileReference; lastKnownFileType = image.png; path = title_8.png; sourceTree = "<group>"; };
		6230365C150CECC400DFE883 /* title_9.png */ = {isa = PBXFileReference; lastKnownFileType = image.png; path = title_9.png; sourceTree = "<group>"; };
		6230365D150CECC400DFE883 /* title_10.png */ = {isa = PBXFileReference; lastKnownFileType = image.png; path = title_10.png; sourceTree = "<group>"; };
		6230365E150CECC400DFE883 /* title_11.png */ = {isa = PBXFileReference; lastKnownFileType = image.png; path = title_11.png; sourceTree = "<group>"; };
		6230365F150CECC400DFE883 /* title_12.png */ = {isa = PBXFileReference; lastKnownFileType = image.png; path = title_12.png; sourceTree = "<group>"; };
		62303660150CECC400DFE883 /* title_13.png */ = {isa = PBXFileReference; lastKnownFileType = image.png; path = title_13.png; sourceTree = "<group>"; };
		62303661150CECC400DFE883 /* title_14.png */ = {isa = PBXFileReference; lastKnownFileType = image.png; path = title_14.png; sourceTree = "<group>"; };
		62303662150CECC400DFE883 /* title_15.png */ = {isa = PBXFileReference; lastKnownFileType = image.png; path = title_15.png; sourceTree = "<group>"; };
		62303663150CECC400DFE883 /* title_16.png */ = {isa = PBXFileReference; lastKnownFileType = image.png; path = title_16.png; sourceTree = "<group>"; };
		62303674150CECEA00DFE883 /* title_1.png */ = {isa = PBXFileReference; lastKnownFileType = image.png; path = title_1.png; sourceTree = "<group>"; };
		624154D9150AFD9A00944D48 /* iSMTH_DIY.app */ = {isa = PBXFileReference; explicitFileType = wrapper.application; includeInIndex = 0; path = iSMTH_DIY.app; sourceTree = BUILT_PRODUCTS_DIR; };
		624154DD150AFD9A00944D48 /* UIKit.framework */ = {isa = PBXFileReference; lastKnownFileType = wrapper.framework; name = UIKit.framework; path = System/Library/Frameworks/UIKit.framework; sourceTree = SDKROOT; };
		624154DF150AFD9A00944D48 /* Foundation.framework */ = {isa = PBXFileReference; lastKnownFileType = wrapper.framework; name = Foundation.framework; path = System/Library/Frameworks/Foundation.framework; sourceTree = SDKROOT; };
		624154E3150AFD9A00944D48 /* iSMTH_DIY-Info.plist */ = {isa = PBXFileReference; lastKnownFileType = text.plist.xml; path = "iSMTH_DIY-Info.plist"; sourceTree = "<group>"; };
		624154E5150AFD9A00944D48 /* en */ = {isa = PBXFileReference; lastKnownFileType = text.plist.strings; name = en; path = en.lproj/InfoPlist.strings; sourceTree = "<group>"; };
		624154E7150AFD9A00944D48 /* main.m */ = {isa = PBXFileReference; lastKnownFileType = sourcecode.c.objc; path = main.m; sourceTree = "<group>"; };
		624154E9150AFD9A00944D48 /* iSMTH_DIY-Prefix.pch */ = {isa = PBXFileReference; lastKnownFileType = sourcecode.c.h; path = "iSMTH_DIY-Prefix.pch"; sourceTree = "<group>"; };
		624154EA150AFD9A00944D48 /* AppDelegate.h */ = {isa = PBXFileReference; lastKnownFileType = sourcecode.c.h; path = AppDelegate.h; sourceTree = "<group>"; };
		624154EB150AFD9A00944D48 /* AppDelegate.m */ = {isa = PBXFileReference; lastKnownFileType = sourcecode.c.objc; path = AppDelegate.m; sourceTree = "<group>"; };
		624154ED150AFD9A00944D48 /* FirstViewController.h */ = {isa = PBXFileReference; lastKnownFileType = sourcecode.c.h; path = FirstViewController.h; sourceTree = "<group>"; };
		624154EE150AFD9A00944D48 /* FirstViewController.m */ = {isa = PBXFileReference; lastKnownFileType = sourcecode.c.objc; path = FirstViewController.m; sourceTree = "<group>"; };
		624154F0150AFD9A00944D48 /* first.png */ = {isa = PBXFileReference; lastKnownFileType = image.png; name = first.png; path = iSMTH_Stock/first.png; sourceTree = "<group>"; };
		624154F2150AFD9A00944D48 /* first@2x.png */ = {isa = PBXFileReference; lastKnownFileType = image.png; name = "first@2x.png"; path = "iSMTH_Stock/first@2x.png"; sourceTree = "<group>"; };
		624154F4150AFD9A00944D48 /* SecondViewController.h */ = {isa = PBXFileReference; lastKnownFileType = sourcecode.c.h; path = SecondViewController.h; sourceTree = "<group>"; };
		624154F5150AFD9A00944D48 /* SecondViewController.m */ = {isa = PBXFileReference; lastKnownFileType = sourcecode.c.objc; path = SecondViewController.m; sourceTree = "<group>"; };
		624154F7150AFD9A00944D48 /* second.png */ = {isa = PBXFileReference; lastKnownFileType = image.png; name = second.png; path = iSMTH_Stock/second.png; sourceTree = "<group>"; };
		624154F9150AFD9A00944D48 /* second@2x.png */ = {isa = PBXFileReference; lastKnownFileType = image.png; name = "second@2x.png"; path = "iSMTH_Stock/second@2x.png"; sourceTree = "<group>"; };
		624154FC150AFD9A00944D48 /* en */ = {isa = PBXFileReference; lastKnownFileType = file.xib; name = en; path = en.lproj/FirstViewController_iPhone.xib; sourceTree = "<group>"; };
		624154FF150AFD9A00944D48 /* en */ = {isa = PBXFileReference; lastKnownFileType = file.xib; name = en; path = en.lproj/FirstViewController_iPad.xib; sourceTree = "<group>"; };
		62415502150AFD9A00944D48 /* en */ = {isa = PBXFileReference; lastKnownFileType = file.xib; name = en; path = en.lproj/SecondViewController_iPhone.xib; sourceTree = "<group>"; };
		62415505150AFD9A00944D48 /* en */ = {isa = PBXFileReference; lastKnownFileType = file.xib; name = en; path = en.lproj/SecondViewController_iPad.xib; sourceTree = "<group>"; };
		6241550C150AFD9A00944D48 /* iSMTH_DIYTests.octest */ = {isa = PBXFileReference; explicitFileType = wrapper.cfbundle; includeInIndex = 0; path = iSMTH_DIYTests.octest; sourceTree = BUILT_PRODUCTS_DIR; };
		6241550D150AFD9A00944D48 /* SenTestingKit.framework */ = {isa = PBXFileReference; lastKnownFileType = wrapper.framework; name = SenTestingKit.framework; path = Library/Frameworks/SenTestingKit.framework; sourceTree = DEVELOPER_DIR; };
		62415515150AFD9A00944D48 /* iSMTH_DIYTests-Info.plist */ = {isa = PBXFileReference; lastKnownFileType = text.plist.xml; path = "iSMTH_DIYTests-Info.plist"; sourceTree = "<group>"; };
		62415517150AFD9A00944D48 /* en */ = {isa = PBXFileReference; lastKnownFileType = text.plist.strings; name = en; path = en.lproj/InfoPlist.strings; sourceTree = "<group>"; };
		62415519150AFD9A00944D48 /* iSMTH_StockTests.h */ = {isa = PBXFileReference; lastKnownFileType = sourcecode.c.h; path = iSMTH_StockTests.h; sourceTree = "<group>"; };
		6241551A150AFD9A00944D48 /* iSMTH_StockTests.m */ = {isa = PBXFileReference; lastKnownFileType = sourcecode.c.objc; path = iSMTH_StockTests.m; sourceTree = "<group>"; };
		62415524150AFE0500944D48 /* MyHttp_remoteClient.h */ = {isa = PBXFileReference; fileEncoding = 4; lastKnownFileType = sourcecode.c.h; name = MyHttp_remoteClient.h; path = iSMTH_Stock/MyHttp_remoteClient.h; sourceTree = "<group>"; };
		62415525150AFE0500944D48 /* MyHttp_remoteClient.m */ = {isa = PBXFileReference; fileEncoding = 4; lastKnownFileType = sourcecode.c.objc; name = MyHttp_remoteClient.m; path = iSMTH_Stock/MyHttp_remoteClient.m; sourceTree = "<group>"; };
		62415533150B360700944D48 /* libicucore.dylib */ = {isa = PBXFileReference; lastKnownFileType = "compiled.mach-o.dylib"; name = libicucore.dylib; path = usr/lib/libicucore.dylib; sourceTree = SDKROOT; };
		6241553D150B62A300944D48 /* DataSingleton.h */ = {isa = PBXFileReference; fileEncoding = 4; lastKnownFileType = sourcecode.c.h; path = DataSingleton.h; sourceTree = "<group>"; };
		6241553E150B62A300944D48 /* DataSingleton.m */ = {isa = PBXFileReference; fileEncoding = 4; lastKnownFileType = sourcecode.c.objc; path = DataSingleton.m; sourceTree = "<group>"; };
		62415540150B62CC00944D48 /* constant.h */ = {isa = PBXFileReference; fileEncoding = 4; lastKnownFileType = sourcecode.c.h; path = constant.h; sourceTree = "<group>"; };
		62415541150B62CC00944D48 /* constant.m */ = {isa = PBXFileReference; fileEncoding = 4; lastKnownFileType = sourcecode.c.objc; path = constant.m; sourceTree = "<group>"; };
		62780CB3154E263E00A4AD5A /* icon.png */ = {isa = PBXFileReference; lastKnownFileType = image.png; path = icon.png; sourceTree = "<group>"; };
		62780CB6154E26B500A4AD5A /* icon@2x.png */ = {isa = PBXFileReference; lastKnownFileType = image.png; path = "icon@2x.png"; sourceTree = "<group>"; };
		62780CBC154E314200A4AD5A /* NSString+PDRegex.h */ = {isa = PBXFileReference; fileEncoding = 4; lastKnownFileType = sourcecode.c.h; path = "NSString+PDRegex.h"; sourceTree = "<group>"; };
		62780CBD154E314200A4AD5A /* NSString+PDRegex.m */ = {isa = PBXFileReference; fileEncoding = 4; lastKnownFileType = sourcecode.c.objc; path = "NSString+PDRegex.m"; sourceTree = "<group>"; };
		62780CBE154E314200A4AD5A /* RegexOnNSStringIOSExampleTests.m */ = {isa = PBXFileReference; fileEncoding = 4; lastKnownFileType = sourcecode.c.objc; path = RegexOnNSStringIOSExampleTests.m; sourceTree = "<group>"; };
		62780CD0154E680900A4AD5A /* ASIAuthenticationDialog.h */ = {isa = PBXFileReference; fileEncoding = 4; lastKnownFileType = sourcecode.c.h; path = ASIAuthenticationDialog.h; sourceTree = "<group>"; };
		62780CD1154E680900A4AD5A /* ASIAuthenticationDialog.m */ = {isa = PBXFileReference; fileEncoding = 4; lastKnownFileType = sourcecode.c.objc; path = ASIAuthenticationDialog.m; sourceTree = "<group>"; };
		62780CD2154E680900A4AD5A /* ASICacheDelegate.h */ = {isa = PBXFileReference; fileEncoding = 4; lastKnownFileType = sourcecode.c.h; path = ASICacheDelegate.h; sourceTree = "<group>"; };
		62780CD3154E680900A4AD5A /* ASIDataCompressor.h */ = {isa = PBXFileReference; fileEncoding = 4; lastKnownFileType = sourcecode.c.h; path = ASIDataCompressor.h; sourceTree = "<group>"; };
		62780CD4154E680900A4AD5A /* ASIDataCompressor.m */ = {isa = PBXFileReference; fileEncoding = 4; lastKnownFileType = sourcecode.c.objc; path = ASIDataCompressor.m; sourceTree = "<group>"; };
		62780CD5154E680900A4AD5A /* ASIDataDecompressor.h */ = {isa = PBXFileReference; fileEncoding = 4; lastKnownFileType = sourcecode.c.h; path = ASIDataDecompressor.h; sourceTree = "<group>"; };
		62780CD6154E680900A4AD5A /* ASIDataDecompressor.m */ = {isa = PBXFileReference; fileEncoding = 4; lastKnownFileType = sourcecode.c.objc; path = ASIDataDecompressor.m; sourceTree = "<group>"; };
		62780CD7154E680900A4AD5A /* ASIDownloadCache.h */ = {isa = PBXFileReference; fileEncoding = 4; lastKnownFileType = sourcecode.c.h; path = ASIDownloadCache.h; sourceTree = "<group>"; };
		62780CD8154E680900A4AD5A /* ASIDownloadCache.m */ = {isa = PBXFileReference; fileEncoding = 4; lastKnownFileType = sourcecode.c.objc; path = ASIDownloadCache.m; sourceTree = "<group>"; };
		62780CD9154E680900A4AD5A /* ASIFormDataRequest.h */ = {isa = PBXFileReference; fileEncoding = 4; lastKnownFileType = sourcecode.c.h; path = ASIFormDataRequest.h; sourceTree = "<group>"; };
		62780CDA154E680900A4AD5A /* ASIFormDataRequest.m */ = {isa = PBXFileReference; fileEncoding = 4; lastKnownFileType = sourcecode.c.objc; path = ASIFormDataRequest.m; sourceTree = "<group>"; };
		62780CDB154E680900A4AD5A /* ASIHTTPRequest.h */ = {isa = PBXFileReference; fileEncoding = 4; lastKnownFileType = sourcecode.c.h; path = ASIHTTPRequest.h; sourceTree = "<group>"; };
		62780CDC154E680900A4AD5A /* ASIHTTPRequest.m */ = {isa = PBXFileReference; fileEncoding = 4; lastKnownFileType = sourcecode.c.objc; path = ASIHTTPRequest.m; sourceTree = "<group>"; };
		62780CDD154E680900A4AD5A /* ASIHTTPRequestConfig.h */ = {isa = PBXFileReference; fileEncoding = 4; lastKnownFileType = sourcecode.c.h; path = ASIHTTPRequestConfig.h; sourceTree = "<group>"; };
		62780CDE154E680900A4AD5A /* ASIHTTPRequestDelegate.h */ = {isa = PBXFileReference; fileEncoding = 4; lastKnownFileType = sourcecode.c.h; path = ASIHTTPRequestDelegate.h; sourceTree = "<group>"; };
		62780CDF154E680900A4AD5A /* ASIInputStream.h */ = {isa = PBXFileReference; fileEncoding = 4; lastKnownFileType = sourcecode.c.h; path = ASIInputStream.h; sourceTree = "<group>"; };
		62780CE0154E680900A4AD5A /* ASIInputStream.m */ = {isa = PBXFileReference; fileEncoding = 4; lastKnownFileType = sourcecode.c.objc; path = ASIInputStream.m; sourceTree = "<group>"; };
		62780CE1154E680900A4AD5A /* ASINetworkQueue.h */ = {isa = PBXFileReference; fileEncoding = 4; lastKnownFileType = sourcecode.c.h; path = ASINetworkQueue.h; sourceTree = "<group>"; };
		62780CE2154E680900A4AD5A /* ASINetworkQueue.m */ = {isa = PBXFileReference; fileEncoding = 4; lastKnownFileType = sourcecode.c.objc; path = ASINetworkQueue.m; sourceTree = "<group>"; };
		62780CE3154E680900A4AD5A /* ASIProgressDelegate.h */ = {isa = PBXFileReference; fileEncoding = 4; lastKnownFileType = sourcecode.c.h; path = ASIProgressDelegate.h; sourceTree = "<group>"; };
		62780CEC154E6A1000A4AD5A /* HttpClinetUingASIhttp_summaryReport.h */ = {isa = PBXFileReference; fileEncoding = 4; lastKnownFileType = sourcecode.c.h; path = HttpClinetUingASIhttp_summaryReport.h; sourceTree = "<group>"; };
		62780CED154E6A1000A4AD5A /* HttpClinetUingASIhttp_summaryReport.m */ = {isa = PBXFileReference; fileEncoding = 4; lastKnownFileType = sourcecode.c.objc; path = HttpClinetUingASIhttp_summaryReport.m; sourceTree = "<group>"; };
		62780CEF154E6C5900A4AD5A /* Reachability.h */ = {isa = PBXFileReference; fileEncoding = 4; lastKnownFileType = sourcecode.c.h; path = Reachability.h; sourceTree = "<group>"; };
		62780CF0154E6C5900A4AD5A /* Reachability.m */ = {isa = PBXFileReference; fileEncoding = 4; lastKnownFileType = sourcecode.c.objc; path = Reachability.m; sourceTree = "<group>"; };
		62780CF2154E6DB600A4AD5A /* CFNetwork.framework */ = {isa = PBXFileReference; lastKnownFileType = wrapper.framework; name = CFNetwork.framework; path = System/Library/Frameworks/CFNetwork.framework; sourceTree = SDKROOT; };
		62780CF4154E6DD200A4AD5A /* libz.dylib */ = {isa = PBXFileReference; lastKnownFileType = "compiled.mach-o.dylib"; name = libz.dylib; path = usr/lib/libz.dylib; sourceTree = SDKROOT; };
		62780CF6154E6DFB00A4AD5A /* MobileCoreServices.framework */ = {isa = PBXFileReference; lastKnownFileType = wrapper.framework; name = MobileCoreServices.framework; path = System/Library/Frameworks/MobileCoreServices.framework; sourceTree = SDKROOT; };
		62780CF8154E6E2300A4AD5A /* CoreGraphics.framework */ = {isa = PBXFileReference; lastKnownFileType = wrapper.framework; name = CoreGraphics.framework; path = System/Library/Frameworks/CoreGraphics.framework; sourceTree = SDKROOT; };
		62780CFA154E6EDE00A4AD5A /* SystemConfiguration.framework */ = {isa = PBXFileReference; lastKnownFileType = wrapper.framework; name = SystemConfiguration.framework; path = System/Library/Frameworks/SystemConfiguration.framework; sourceTree = SDKROOT; };
		6285898E1569095100FB5410 /* AsyncImageView.h */ = {isa = PBXFileReference; fileEncoding = 4; lastKnownFileType = sourcecode.c.h; path = AsyncImageView.h; sourceTree = "<group>"; };
		6285898F1569095100FB5410 /* AsyncImageView.m */ = {isa = PBXFileReference; fileEncoding = 4; lastKnownFileType = sourcecode.c.objc; path = AsyncImageView.m; sourceTree = "<group>"; };
		628589901569095100FB5410 /* FullyLoaded.h */ = {isa = PBXFileReference; fileEncoding = 4; lastKnownFileType = sourcecode.c.h; path = FullyLoaded.h; sourceTree = "<group>"; };
		628589911569095100FB5410 /* FullyLoaded.m */ = {isa = PBXFileReference; fileEncoding = 4; lastKnownFileType = sourcecode.c.objc; path = FullyLoaded.m; sourceTree = "<group>"; };
		628589921569095100FB5410 /* SynthesizeSingleton.h */ = {isa = PBXFileReference; fileEncoding = 4; lastKnownFileType = sourcecode.c.h; path = SynthesizeSingleton.h; sourceTree = "<group>"; };
		628589931569095100FB5410 /* WaterflowView.h */ = {isa = PBXFileReference; fileEncoding = 4; lastKnownFileType = sourcecode.c.h; path = WaterflowView.h; sourceTree = "<group>"; };
		628589941569095100FB5410 /* WaterflowView.m */ = {isa = PBXFileReference; fileEncoding = 4; lastKnownFileType = sourcecode.c.objc; path = WaterflowView.m; sourceTree = "<group>"; };
		6285899B1569096800FB5410 /* blueArrow.png */ = {isa = PBXFileReference; lastKnownFileType = image.png; path = blueArrow.png; sourceTree = "<group>"; };
		6285899E1569096800FB5410 /* LoadingMoreFooterView.h */ = {isa = PBXFileReference; fileEncoding = 4; lastKnownFileType = sourcecode.c.h; path = LoadingMoreFooterView.h; sourceTree = "<group>"; };
		6285899F1569096800FB5410 /* LoadingMoreFooterView.m */ = {isa = PBXFileReference; fileEncoding = 4; lastKnownFileType = sourcecode.c.objc; path = LoadingMoreFooterView.m; sourceTree = "<group>"; };
		628589A3156909E200FB5410 /* ViewController.h */ = {isa = PBXFileReference; fileEncoding = 4; lastKnownFileType = sourcecode.c.h; name = ViewController.h; path = ../ASIhttp/ViewController.h; sourceTree = "<group>"; };
		628589A4156909E200FB5410 /* ViewController.m */ = {isa = PBXFileReference; fileEncoding = 4; lastKnownFileType = sourcecode.c.objc; name = ViewController.m; path = ../ASIhttp/ViewController.m; sourceTree = "<group>"; };
		628589A5156909E200FB5410 /* ViewController.xib */ = {isa = PBXFileReference; fileEncoding = 4; lastKnownFileType = file.xib; name = ViewController.xib; path = ../ASIhttp/ViewController.xib; sourceTree = "<group>"; };
		FA260952163E6816009F3D21 /* libUMFeedback.a */ = {isa = PBXFileReference; lastKnownFileType = archive.ar; path = libUMFeedback.a; sourceTree = "<group>"; };
		FA260953163E6816009F3D21 /* umFeedback.bundle */ = {isa = PBXFileReference; lastKnownFileType = "wrapper.plug-in"; path = umFeedback.bundle; sourceTree = "<group>"; };
		FA260954163E6816009F3D21 /* UMFeedback.h */ = {isa = PBXFileReference; fileEncoding = 4; lastKnownFileType = sourcecode.c.h; path = UMFeedback.h; sourceTree = "<group>"; };
		FA95590216393D010093EADD /* smthLogo.png */ = {isa = PBXFileReference; lastKnownFileType = image.png; path = smthLogo.png; sourceTree = "<group>"; };
		FA9B6E6716378F8200C5CD92 /* MBProgressHUD.h */ = {isa = PBXFileReference; fileEncoding = 4; lastKnownFileType = sourcecode.c.h; path = MBProgressHUD.h; sourceTree = "<group>"; };
		FA9B6E6816378F8200C5CD92 /* MBProgressHUD.m */ = {isa = PBXFileReference; fileEncoding = 4; lastKnownFileType = sourcecode.c.objc; path = MBProgressHUD.m; sourceTree = "<group>"; };
		FA9DA853163E338700402D23 /* libMobClickLibrary.a */ = {isa = PBXFileReference; lastKnownFileType = archive.ar; path = libMobClickLibrary.a; sourceTree = "<group>"; };
		FA9DA854163E338700402D23 /* MobClick.h */ = {isa = PBXFileReference; fileEncoding = 4; lastKnownFileType = sourcecode.c.h; path = MobClick.h; sourceTree = "<group>"; };
		FA9DA85B163E619F00402D23 /* introductionViewController.h */ = {isa = PBXFileReference; fileEncoding = 4; lastKnownFileType = sourcecode.c.h; path = introductionViewController.h; sourceTree = "<group>"; };
		FA9DA85C163E619F00402D23 /* introductionViewController.m */ = {isa = PBXFileReference; fileEncoding = 4; lastKnownFileType = sourcecode.c.objc; path = introductionViewController.m; sourceTree = "<group>"; };
		FA9DA85D163E619F00402D23 /* introductionViewController.xib */ = {isa = PBXFileReference; fileEncoding = 4; lastKnownFileType = file.xib; path = introductionViewController.xib; sourceTree = "<group>"; };
		FAB49D301641033A000883A5 /* GADBannerView.h */ = {isa = PBXFileReference; fileEncoding = 4; lastKnownFileType = sourcecode.c.h; path = GADBannerView.h; sourceTree = "<group>"; };
		FAB49D311641033A000883A5 /* GADBannerViewDelegate.h */ = {isa = PBXFileReference; fileEncoding = 4; lastKnownFileType = sourcecode.c.h; path = GADBannerViewDelegate.h; sourceTree = "<group>"; };
		FAB49D321641033A000883A5 /* GADInterstitial.h */ = {isa = PBXFileReference; fileEncoding = 4; lastKnownFileType = sourcecode.c.h; path = GADInterstitial.h; sourceTree = "<group>"; };
		FAB49D331641033A000883A5 /* GADInterstitialDelegate.h */ = {isa = PBXFileReference; fileEncoding = 4; lastKnownFileType = sourcecode.c.h; path = GADInterstitialDelegate.h; sourceTree = "<group>"; };
		FAB49D341641033A000883A5 /* GADRequest.h */ = {isa = PBXFileReference; fileEncoding = 4; lastKnownFileType = sourcecode.c.h; path = GADRequest.h; sourceTree = "<group>"; };
		FAB49D351641033A000883A5 /* GADRequestError.h */ = {isa = PBXFileReference; fileEncoding = 4; lastKnownFileType = sourcecode.c.h; path = GADRequestError.h; sourceTree = "<group>"; };
		FAB49D3716410344000883A5 /* libGoogleAdMobAds.a */ = {isa = PBXFileReference; lastKnownFileType = archive.ar; path = libGoogleAdMobAds.a; sourceTree = "<group>"; };
		FAB49D391641054B000883A5 /* AudioToolbox.framework */ = {isa = PBXFileReference; lastKnownFileType = wrapper.framework; name = AudioToolbox.framework; path = System/Library/Frameworks/AudioToolbox.framework; sourceTree = SDKROOT; };
		FAB49D3B1641055F000883A5 /* MessageUI.framework */ = {isa = PBXFileReference; lastKnownFileType = wrapper.framework; name = MessageUI.framework; path = System/Library/Frameworks/MessageUI.framework; sourceTree = SDKROOT; };
		FAB49D4916411694000883A5 /* address_book.png */ = {isa = PBXFileReference; lastKnownFileType = image.png; path = address_book.png; sourceTree = "<group>"; };
		FAB49D4B164116BD000883A5 /* accountViewController.h */ = {isa = PBXFileReference; fileEncoding = 4; lastKnownFileType = sourcecode.c.h; path = accountViewController.h; sourceTree = "<group>"; };
		FAB49D4C164116BD000883A5 /* accountViewController.m */ = {isa = PBXFileReference; fileEncoding = 4; lastKnownFileType = sourcecode.c.objc; path = accountViewController.m; sourceTree = "<group>"; };
		FAB49D4D164116BD000883A5 /* accountViewController.xib */ = {isa = PBXFileReference; fileEncoding = 4; lastKnownFileType = file.xib; path = accountViewController.xib; sourceTree = "<group>"; };
/* End PBXFileReference section */

/* Begin PBXFrameworksBuildPhase section */
		624154D6150AFD9A00944D48 /* Frameworks */ = {
			isa = PBXFrameworksBuildPhase;
			buildActionMask = 2147483647;
			files = (
				1842BF4616FDF5CC00F4C80C /* libz.1.2.5.dylib in Frameworks */,
				FAB49D3C1641055F000883A5 /* MessageUI.framework in Frameworks */,
				FAB49D3A1641054B000883A5 /* AudioToolbox.framework in Frameworks */,
				62780CFB154E6EDE00A4AD5A /* SystemConfiguration.framework in Frameworks */,
				62780CF9154E6E2300A4AD5A /* CoreGraphics.framework in Frameworks */,
				62303607150C3EB600DFE883 /* QuartzCore.framework in Frameworks */,
				62780CF7154E6DFB00A4AD5A /* MobileCoreServices.framework in Frameworks */,
				62780CF3154E6DB700A4AD5A /* CFNetwork.framework in Frameworks */,
				62780CF5154E6DD200A4AD5A /* libz.dylib in Frameworks */,
				62415534150B360800944D48 /* libicucore.dylib in Frameworks */,
				624154DE150AFD9A00944D48 /* UIKit.framework in Frameworks */,
				624154E0150AFD9A00944D48 /* Foundation.framework in Frameworks */,
				FA9DA855163E338700402D23 /* libMobClickLibrary.a in Frameworks */,
				FA260955163E6816009F3D21 /* libUMFeedback.a in Frameworks */,
				FAB49D3816410344000883A5 /* libGoogleAdMobAds.a in Frameworks */,
			);
			runOnlyForDeploymentPostprocessing = 0;
		};
		62415508150AFD9A00944D48 /* Frameworks */ = {
			isa = PBXFrameworksBuildPhase;
			buildActionMask = 2147483647;
			files = (
				6241550E150AFD9A00944D48 /* SenTestingKit.framework in Frameworks */,
				6241550F150AFD9A00944D48 /* UIKit.framework in Frameworks */,
				62415510150AFD9A00944D48 /* Foundation.framework in Frameworks */,
			);
			runOnlyForDeploymentPostprocessing = 0;
		};
/* End PBXFrameworksBuildPhase section */

/* Begin PBXGroup section */
		1800C71416FD5005003EB755 /* baiduShitu */ = {
			isa = PBXGroup;
			children = (
				1853416216FB37F000D401E2 /* HttpPicUploader.h */,
				1853416316FB37F000D401E2 /* HttpPicUploader.m */,
				18F9303316FC95C70069CC03 /* BaiduShiTuViewController.h */,
				18F9303416FC95C70069CC03 /* BaiduShiTuViewController.m */,
				18F9303516FC95C70069CC03 /* BaiduShiTuViewController.xib */,
				1800C71616FD502C003EB755 /* webResultViewController.h */,
				1800C71716FD502C003EB755 /* webResultViewController.m */,
				1800C71816FD502C003EB755 /* webResultViewController.xib */,
			);
			name = baiduShitu;
			sourceTree = "<group>";
		};
		62303652150CEC9600DFE883 /* resource */ = {
			isa = PBXGroup;
			children = (
				FAB49D4916411694000883A5 /* address_book.png */,
				184E7B6B163EC673005EB03C /* Default.png */,
				184E7B6C163EC673005EB03C /* Default@2x.png */,
				FA95590216393D010093EADD /* smthLogo.png */,
				188658D61632A98A00798C91 /* third.png */,
				188658D71632A98A00798C91 /* third@2x.png */,
				188658D21632864200798C91 /* about.png */,
				188658D31632864200798C91 /* about@2x.png */,
				18CE5214162AEC000003FC41 /* background.png */,
				18CE5215162AEC000003FC41 /* background@2x.png */,
				623035F8150C39C700DFE883 /* blueArrow.png */,
				623035F9150C39C700DFE883 /* blueArrow@2x.png */,
				624154F7150AFD9A00944D48 /* second.png */,
				624154F9150AFD9A00944D48 /* second@2x.png */,
				624154F0150AFD9A00944D48 /* first.png */,
				624154F2150AFD9A00944D48 /* first@2x.png */,
				62780CB3154E263E00A4AD5A /* icon.png */,
				62780CB6154E26B500A4AD5A /* icon@2x.png */,
				62303674150CECEA00DFE883 /* title_1.png */,
				62303655150CECC400DFE883 /* title_2.png */,
				62303656150CECC400DFE883 /* title_3.png */,
				62303657150CECC400DFE883 /* title_4.png */,
				62303658150CECC400DFE883 /* title_5.png */,
				62303659150CECC400DFE883 /* title_6.png */,
				6230365A150CECC400DFE883 /* title_7.png */,
				6230365B150CECC400DFE883 /* title_8.png */,
				6230365C150CECC400DFE883 /* title_9.png */,
				6230365D150CECC400DFE883 /* title_10.png */,
				6230365E150CECC400DFE883 /* title_11.png */,
				6230365F150CECC400DFE883 /* title_12.png */,
				62303660150CECC400DFE883 /* title_13.png */,
				62303661150CECC400DFE883 /* title_14.png */,
				62303662150CECC400DFE883 /* title_15.png */,
				62303663150CECC400DFE883 /* title_16.png */,
			);
			name = resource;
			sourceTree = "<group>";
		};
		624154CE150AFD9900944D48 = {
			isa = PBXGroup;
			children = (
				18FB426E19276D4100C26C84 /* Default-568h@2x.png */,
				1842BF4516FDF5CC00F4C80C /* libz.1.2.5.dylib */,
				628589A8156923E100FB5410 /* thirdParty */,
				6241552B150B32E300944D48 /* Main */,
				624154E1150AFD9A00944D48 /* iSMTH_Stock */,
				62303652150CEC9600DFE883 /* resource */,
				624154DC150AFD9A00944D48 /* Frameworks */,
				624154DA150AFD9A00944D48 /* Products */,
				62415513150AFD9A00944D48 /* iSMTH_StockTests */,
			);
			sourceTree = "<group>";
		};
		624154DA150AFD9A00944D48 /* Products */ = {
			isa = PBXGroup;
			children = (
				624154D9150AFD9A00944D48 /* iSMTH_DIY.app */,
				6241550C150AFD9A00944D48 /* iSMTH_DIYTests.octest */,
			);
			name = Products;
			sourceTree = "<group>";
		};
		624154DC150AFD9A00944D48 /* Frameworks */ = {
			isa = PBXGroup;
			children = (
				62415533150B360700944D48 /* libicucore.dylib */,
				62780CF4154E6DD200A4AD5A /* libz.dylib */,
				FAB49D3B1641055F000883A5 /* MessageUI.framework */,
				FAB49D391641054B000883A5 /* AudioToolbox.framework */,
				62780CFA154E6EDE00A4AD5A /* SystemConfiguration.framework */,
				62780CF8154E6E2300A4AD5A /* CoreGraphics.framework */,
				62780CF6154E6DFB00A4AD5A /* MobileCoreServices.framework */,
				62780CF2154E6DB600A4AD5A /* CFNetwork.framework */,
				62303606150C3EB600DFE883 /* QuartzCore.framework */,
				624154DD150AFD9A00944D48 /* UIKit.framework */,
				624154DF150AFD9A00944D48 /* Foundation.framework */,
				6241550D150AFD9A00944D48 /* SenTestingKit.framework */,
			);
			name = Frameworks;
			sourceTree = "<group>";
		};
		624154E1150AFD9A00944D48 /* iSMTH_Stock */ = {
			isa = PBXGroup;
			children = (
				624154EA150AFD9A00944D48 /* AppDelegate.h */,
				624154EB150AFD9A00944D48 /* AppDelegate.m */,
				6230360C150C999300DFE883 /* topicDetailShow.h */,
				6230360D150C999300DFE883 /* topicDetailShow.m */,
				6230360E150C999300DFE883 /* topicDetailShow.xib */,
				184CBC21162DA7960035F7EF /* TempViewController.h */,
				184CBC22162DA7960035F7EF /* TempViewController.m */,
				184CBC23162DA7960035F7EF /* TempViewController.xib */,
				624154ED150AFD9A00944D48 /* FirstViewController.h */,
				624154EE150AFD9A00944D48 /* FirstViewController.m */,
				624154FB150AFD9A00944D48 /* FirstViewController_iPhone.xib */,
				624154FE150AFD9A00944D48 /* FirstViewController_iPad.xib */,
				624154F4150AFD9A00944D48 /* SecondViewController.h */,
				624154F5150AFD9A00944D48 /* SecondViewController.m */,
				62415501150AFD9A00944D48 /* SecondViewController_iPhone.xib */,
				62415504150AFD9A00944D48 /* SecondViewController_iPad.xib */,
				623035EF150C397200DFE883 /* DocList.h */,
				623035F0150C397200DFE883 /* DocList.m */,
				623035F1150C397200DFE883 /* DocList.xib */,
				628589A3156909E200FB5410 /* ViewController.h */,
				628589A4156909E200FB5410 /* ViewController.m */,
				628589A5156909E200FB5410 /* ViewController.xib */,
				1800C71416FD5005003EB755 /* baiduShitu */,
				188658C81632717A00798C91 /* AppAboutViewController.h */,
				188658C91632717A00798C91 /* AppAboutViewController.m */,
				188658CA1632717A00798C91 /* AppAboutViewController.xib */,
				FA9DA85B163E619F00402D23 /* introductionViewController.h */,
				FA9DA85C163E619F00402D23 /* introductionViewController.m */,
				FA9DA85D163E619F00402D23 /* introductionViewController.xib */,
				FAB49D4B164116BD000883A5 /* accountViewController.h */,
				FAB49D4C164116BD000883A5 /* accountViewController.m */,
				FAB49D4D164116BD000883A5 /* accountViewController.xib */,
				624154E2150AFD9A00944D48 /* Supporting Files */,
			);
			path = iSMTH_Stock;
			sourceTree = "<group>";
		};
		624154E2150AFD9A00944D48 /* Supporting Files */ = {
			isa = PBXGroup;
			children = (
				624154E3150AFD9A00944D48 /* iSMTH_DIY-Info.plist */,
				624154E4150AFD9A00944D48 /* InfoPlist.strings */,
				624154E7150AFD9A00944D48 /* main.m */,
				624154E9150AFD9A00944D48 /* iSMTH_DIY-Prefix.pch */,
				18013536163D83B6007E3E00 /* data.plist */,
			);
			name = "Supporting Files";
			sourceTree = "<group>";
		};
		62415513150AFD9A00944D48 /* iSMTH_StockTests */ = {
			isa = PBXGroup;
			children = (
				62415519150AFD9A00944D48 /* iSMTH_StockTests.h */,
				6241551A150AFD9A00944D48 /* iSMTH_StockTests.m */,
				62415514150AFD9A00944D48 /* Supporting Files */,
			);
			path = iSMTH_StockTests;
			sourceTree = "<group>";
		};
		62415514150AFD9A00944D48 /* Supporting Files */ = {
			isa = PBXGroup;
			children = (
				62415515150AFD9A00944D48 /* iSMTH_DIYTests-Info.plist */,
				62415516150AFD9A00944D48 /* InfoPlist.strings */,
			);
			name = "Supporting Files";
			sourceTree = "<group>";
		};
		6241552B150B32E300944D48 /* Main */ = {
			isa = PBXGroup;
			children = (
				62303612150CB2DC00DFE883 /* topic.h */,
				62303613150CB2DC00DFE883 /* topic.m */,
				62415540150B62CC00944D48 /* constant.h */,
				62415541150B62CC00944D48 /* constant.m */,
				6241553D150B62A300944D48 /* DataSingleton.h */,
				6241553E150B62A300944D48 /* DataSingleton.m */,
				62415524150AFE0500944D48 /* MyHttp_remoteClient.h */,
				62415525150AFE0500944D48 /* MyHttp_remoteClient.m */,
			);
			name = Main;
			sourceTree = "<group>";
		};
		62780CCF154E680900A4AD5A /* ASIhttp */ = {
			isa = PBXGroup;
			children = (
				62780CEF154E6C5900A4AD5A /* Reachability.h */,
				62780CF0154E6C5900A4AD5A /* Reachability.m */,
				62780CD0154E680900A4AD5A /* ASIAuthenticationDialog.h */,
				62780CD1154E680900A4AD5A /* ASIAuthenticationDialog.m */,
				62780CD2154E680900A4AD5A /* ASICacheDelegate.h */,
				62780CD3154E680900A4AD5A /* ASIDataCompressor.h */,
				62780CD4154E680900A4AD5A /* ASIDataCompressor.m */,
				62780CD5154E680900A4AD5A /* ASIDataDecompressor.h */,
				62780CD6154E680900A4AD5A /* ASIDataDecompressor.m */,
				62780CD7154E680900A4AD5A /* ASIDownloadCache.h */,
				62780CD8154E680900A4AD5A /* ASIDownloadCache.m */,
				62780CD9154E680900A4AD5A /* ASIFormDataRequest.h */,
				62780CDA154E680900A4AD5A /* ASIFormDataRequest.m */,
				62780CDB154E680900A4AD5A /* ASIHTTPRequest.h */,
				62780CDC154E680900A4AD5A /* ASIHTTPRequest.m */,
				62780CDD154E680900A4AD5A /* ASIHTTPRequestConfig.h */,
				62780CDE154E680900A4AD5A /* ASIHTTPRequestDelegate.h */,
				62780CDF154E680900A4AD5A /* ASIInputStream.h */,
				62780CE0154E680900A4AD5A /* ASIInputStream.m */,
				62780CE1154E680900A4AD5A /* ASINetworkQueue.h */,
				62780CE2154E680900A4AD5A /* ASINetworkQueue.m */,
				62780CE3154E680900A4AD5A /* ASIProgressDelegate.h */,
			);
			path = ASIhttp;
			sourceTree = "<group>";
		};
		6285898D1569092200FB5410 /* WaterFlow */ = {
			isa = PBXGroup;
			children = (
				6285899B1569096800FB5410 /* blueArrow.png */,
				6285899E1569096800FB5410 /* LoadingMoreFooterView.h */,
				6285899F1569096800FB5410 /* LoadingMoreFooterView.m */,
				6285898E1569095100FB5410 /* AsyncImageView.h */,
				6285898F1569095100FB5410 /* AsyncImageView.m */,
				628589901569095100FB5410 /* FullyLoaded.h */,
				628589911569095100FB5410 /* FullyLoaded.m */,
				628589921569095100FB5410 /* SynthesizeSingleton.h */,
				628589931569095100FB5410 /* WaterflowView.h */,
				628589941569095100FB5410 /* WaterflowView.m */,
			);
			name = WaterFlow;
			path = ASIhttp;
			sourceTree = "<group>";
		};
		628589A8156923E100FB5410 /* thirdParty */ = {
			isa = PBXGroup;
			children = (
				18B180591768A5DD007A995D /* navigationButtonSider.png */,
				18B1805A1768A5DD007A995D /* navigationButtonSider@2x.png */,
				18603AFF16F7442200DF6FF8 /* left_arrow.png */,
				18603B0016F7442200DF6FF8 /* left_arrow@2x.png */,
				18603B0116F7442200DF6FF8 /* right_arrow.png */,
				18603B0216F7442200DF6FF8 /* right_arrow@2x.png */,
				18603B0716F7443400DF6FF8 /* CKCalendarView.h */,
				18603B0816F7443400DF6FF8 /* CKCalendarView.m */,
				FAB49D3716410344000883A5 /* libGoogleAdMobAds.a */,
				FAB49D301641033A000883A5 /* GADBannerView.h */,
				FAB49D311641033A000883A5 /* GADBannerViewDelegate.h */,
				FAB49D321641033A000883A5 /* GADInterstitial.h */,
				FAB49D331641033A000883A5 /* GADInterstitialDelegate.h */,
				FAB49D341641033A000883A5 /* GADRequest.h */,
				FAB49D351641033A000883A5 /* GADRequestError.h */,
				FA260952163E6816009F3D21 /* libUMFeedback.a */,
				FA260953163E6816009F3D21 /* umFeedback.bundle */,
				FA260954163E6816009F3D21 /* UMFeedback.h */,
				FA9DA853163E338700402D23 /* libMobClickLibrary.a */,
				FA9DA854163E338700402D23 /* MobClick.h */,
				FA9B6E6716378F8200C5CD92 /* MBProgressHUD.h */,
				FA9B6E6816378F8200C5CD92 /* MBProgressHUD.m */,
				1886592A1632D4D800798C91 /* imageCacheManager.h */,
				1886592B1632D4D800798C91 /* imageCacheManager.m */,
				184C90EB162C486400CF6CA5 /* JSONKit.h */,
				184C90EC162C486400CF6CA5 /* JSONKit.m */,
				184C90E4162C47B600CF6CA5 /* HttpClient.h */,
				184C90E5162C47B600CF6CA5 /* HttpClient.m */,
				184C90E6162C47B600CF6CA5 /* HttpClientDelegate.h */,
				184C90E7162C47B600CF6CA5 /* HttpConnection.h */,
				184C90E8162C47B600CF6CA5 /* HttpConnection.m */,
				184C90E0162C47A500CF6CA5 /* HttpClientSampleViewController.h */,
				184C90E1162C47A600CF6CA5 /* HttpClientSampleViewController.m */,
				18CE5210162AEA490003FC41 /* UIGlossyButton.h */,
				18CE5211162AEA490003FC41 /* UIGlossyButton.m */,
				62780CCF154E680900A4AD5A /* ASIhttp */,
				6285898D1569092200FB5410 /* WaterFlow */,
				62780CBC154E314200A4AD5A /* NSString+PDRegex.h */,
				62780CBD154E314200A4AD5A /* NSString+PDRegex.m */,
				62780CBE154E314200A4AD5A /* RegexOnNSStringIOSExampleTests.m */,
				62780CEC154E6A1000A4AD5A /* HttpClinetUingASIhttp_summaryReport.h */,
				62780CED154E6A1000A4AD5A /* HttpClinetUingASIhttp_summaryReport.m */,
				623035F5150C399600DFE883 /* EGORefreshTableHeaderView.h */,
				623035F6150C399600DFE883 /* EGORefreshTableHeaderView.m */,
			);
			name = thirdParty;
			sourceTree = "<group>";
		};
/* End PBXGroup section */

/* Begin PBXNativeTarget section */
		624154D8150AFD9A00944D48 /* iSMTH_DIY */ = {
			isa = PBXNativeTarget;
			buildConfigurationList = 6241551E150AFD9A00944D48 /* Build configuration list for PBXNativeTarget "iSMTH_DIY" */;
			buildPhases = (
				624154D5150AFD9A00944D48 /* Sources */,
				624154D6150AFD9A00944D48 /* Frameworks */,
				624154D7150AFD9A00944D48 /* Resources */,
			);
			buildRules = (
			);
			dependencies = (
			);
			name = iSMTH_DIY;
			productName = iSMTH_Stock;
			productReference = 624154D9150AFD9A00944D48 /* iSMTH_DIY.app */;
			productType = "com.apple.product-type.application";
		};
		6241550B150AFD9A00944D48 /* iSMTH_DIYTests */ = {
			isa = PBXNativeTarget;
			buildConfigurationList = 62415521150AFD9A00944D48 /* Build configuration list for PBXNativeTarget "iSMTH_DIYTests" */;
			buildPhases = (
				62415507150AFD9A00944D48 /* Sources */,
				62415508150AFD9A00944D48 /* Frameworks */,
				62415509150AFD9A00944D48 /* Resources */,
				6241550A150AFD9A00944D48 /* ShellScript */,
			);
			buildRules = (
			);
			dependencies = (
				62415512150AFD9A00944D48 /* PBXTargetDependency */,
			);
			name = iSMTH_DIYTests;
			productName = iSMTH_StockTests;
			productReference = 6241550C150AFD9A00944D48 /* iSMTH_DIYTests.octest */;
			productType = "com.apple.product-type.bundle";
		};
/* End PBXNativeTarget section */

/* Begin PBXProject section */
		624154D0150AFD9900944D48 /* Project object */ = {
			isa = PBXProject;
			attributes = {
				LastUpgradeCheck = 0420;
			};
			buildConfigurationList = 624154D3150AFD9900944D48 /* Build configuration list for PBXProject "iSMTH_DIY" */;
			compatibilityVersion = "Xcode 3.2";
			developmentRegion = English;
			hasScannedForEncodings = 0;
			knownRegions = (
				en,
			);
			mainGroup = 624154CE150AFD9900944D48;
			productRefGroup = 624154DA150AFD9A00944D48 /* Products */;
			projectDirPath = "";
			projectRoot = "";
			targets = (
				624154D8150AFD9A00944D48 /* iSMTH_DIY */,
				6241550B150AFD9A00944D48 /* iSMTH_DIYTests */,
			);
		};
/* End PBXProject section */

/* Begin PBXResourcesBuildPhase section */
		624154D7150AFD9A00944D48 /* Resources */ = {
			isa = PBXResourcesBuildPhase;
			buildActionMask = 2147483647;
			files = (
				624154E6150AFD9A00944D48 /* InfoPlist.strings in Resources */,
				18B1805C1768A5DD007A995D /* navigationButtonSider@2x.png in Resources */,
				624154F1150AFD9A00944D48 /* first.png in Resources */,
				624154F3150AFD9A00944D48 /* first@2x.png in Resources */,
				624154F8150AFD9A00944D48 /* second.png in Resources */,
				624154FA150AFD9A00944D48 /* second@2x.png in Resources */,
				624154FD150AFD9A00944D48 /* FirstViewController_iPhone.xib in Resources */,
				62415500150AFD9A00944D48 /* FirstViewController_iPad.xib in Resources */,
				62415503150AFD9A00944D48 /* SecondViewController_iPhone.xib in Resources */,
				62415506150AFD9A00944D48 /* SecondViewController_iPad.xib in Resources */,
				623035F3150C397200DFE883 /* DocList.xib in Resources */,
				623035FA150C39C700DFE883 /* blueArrow.png in Resources */,
				623035FB150C39C700DFE883 /* blueArrow@2x.png in Resources */,
				62303610150C999300DFE883 /* topicDetailShow.xib in Resources */,
				62303665150CECC400DFE883 /* title_2.png in Resources */,
				62303666150CECC400DFE883 /* title_3.png in Resources */,
				62303667150CECC400DFE883 /* title_4.png in Resources */,
				62303668150CECC400DFE883 /* title_5.png in Resources */,
				62303669150CECC400DFE883 /* title_6.png in Resources */,
				6230366A150CECC400DFE883 /* title_7.png in Resources */,
				6230366B150CECC400DFE883 /* title_8.png in Resources */,
				6230366C150CECC400DFE883 /* title_9.png in Resources */,
				6230366D150CECC400DFE883 /* title_10.png in Resources */,
				6230366E150CECC400DFE883 /* title_11.png in Resources */,
				6230366F150CECC400DFE883 /* title_12.png in Resources */,
				62303670150CECC400DFE883 /* title_13.png in Resources */,
				62303671150CECC400DFE883 /* title_14.png in Resources */,
				62303672150CECC400DFE883 /* title_15.png in Resources */,
				62303673150CECC400DFE883 /* title_16.png in Resources */,
				62303675150CECEA00DFE883 /* title_1.png in Resources */,
				62780CB4154E263E00A4AD5A /* icon.png in Resources */,
				62780CB7154E26B500A4AD5A /* icon@2x.png in Resources */,
				18B1805B1768A5DD007A995D /* navigationButtonSider.png in Resources */,
				628589A01569096800FB5410 /* blueArrow.png in Resources */,
				628589A7156909E200FB5410 /* ViewController.xib in Resources */,
				18FB426F19276D4100C26C84 /* Default-568h@2x.png in Resources */,
				18CE5216162AEC000003FC41 /* background.png in Resources */,
				18CE5217162AEC000003FC41 /* background@2x.png in Resources */,
				184CBC25162DA7960035F7EF /* TempViewController.xib in Resources */,
				188658CC1632717A00798C91 /* AppAboutViewController.xib in Resources */,
				188658D41632864200798C91 /* about.png in Resources */,
				188658D51632864200798C91 /* about@2x.png in Resources */,
				188658D81632A98A00798C91 /* third.png in Resources */,
				188658D91632A98A00798C91 /* third@2x.png in Resources */,
				FA95590316393D010093EADD /* smthLogo.png in Resources */,
				18013537163D83B6007E3E00 /* data.plist in Resources */,
				FA9DA85F163E619F00402D23 /* introductionViewController.xib in Resources */,
				FA260956163E6816009F3D21 /* umFeedback.bundle in Resources */,
				184E7B6D163EC673005EB03C /* Default.png in Resources */,
				184E7B6E163EC673005EB03C /* Default@2x.png in Resources */,
				FAB49D4A16411694000883A5 /* address_book.png in Resources */,
				FAB49D4F164116BD000883A5 /* accountViewController.xib in Resources */,
				18603B0316F7442200DF6FF8 /* left_arrow.png in Resources */,
				18603B0416F7442200DF6FF8 /* left_arrow@2x.png in Resources */,
				18603B0516F7442200DF6FF8 /* right_arrow.png in Resources */,
				18603B0616F7442200DF6FF8 /* right_arrow@2x.png in Resources */,
				18F9303716FC95C70069CC03 /* BaiduShiTuViewController.xib in Resources */,
				1800C71A16FD502C003EB755 /* webResultViewController.xib in Resources */,
			);
			runOnlyForDeploymentPostprocessing = 0;
		};
		62415509150AFD9A00944D48 /* Resources */ = {
			isa = PBXResourcesBuildPhase;
			buildActionMask = 2147483647;
			files = (
				62415518150AFD9A00944D48 /* InfoPlist.strings in Resources */,
			);
			runOnlyForDeploymentPostprocessing = 0;
		};
/* End PBXResourcesBuildPhase section */

/* Begin PBXShellScriptBuildPhase section */
		6241550A150AFD9A00944D48 /* ShellScript */ = {
			isa = PBXShellScriptBuildPhase;
			buildActionMask = 2147483647;
			files = (
			);
			inputPaths = (
			);
			outputPaths = (
			);
			runOnlyForDeploymentPostprocessing = 0;
			shellPath = /bin/sh;
			shellScript = "# Run the unit tests in this test bundle.\n\"${SYSTEM_DEVELOPER_DIR}/Tools/RunUnitTests\"\n";
		};
/* End PBXShellScriptBuildPhase section */

/* Begin PBXSourcesBuildPhase section */
		624154D5150AFD9A00944D48 /* Sources */ = {
			isa = PBXSourcesBuildPhase;
			buildActionMask = 2147483647;
			files = (
				624154E8150AFD9A00944D48 /* main.m in Sources */,
				624154EC150AFD9A00944D48 /* AppDelegate.m in Sources */,
				624154EF150AFD9A00944D48 /* FirstViewController.m in Sources */,
				624154F6150AFD9A00944D48 /* SecondViewController.m in Sources */,
				62415526150AFE0500944D48 /* MyHttp_remoteClient.m in Sources */,
				6241553F150B62A300944D48 /* DataSingleton.m in Sources */,
				62415542150B62CC00944D48 /* constant.m in Sources */,
				623035F2150C397200DFE883 /* DocList.m in Sources */,
				623035F7150C399600DFE883 /* EGORefreshTableHeaderView.m in Sources */,
				6230360F150C999300DFE883 /* topicDetailShow.m in Sources */,
				62303614150CB2DC00DFE883 /* topic.m in Sources */,
				62780CBF154E314200A4AD5A /* NSString+PDRegex.m in Sources */,
				62780CC0154E314200A4AD5A /* RegexOnNSStringIOSExampleTests.m in Sources */,
				62780CE4154E680900A4AD5A /* ASIAuthenticationDialog.m in Sources */,
				62780CE5154E680900A4AD5A /* ASIDataCompressor.m in Sources */,
				62780CE6154E680900A4AD5A /* ASIDataDecompressor.m in Sources */,
				62780CE7154E680900A4AD5A /* ASIDownloadCache.m in Sources */,
				62780CE8154E680900A4AD5A /* ASIFormDataRequest.m in Sources */,
				62780CE9154E680900A4AD5A /* ASIHTTPRequest.m in Sources */,
				62780CEA154E680900A4AD5A /* ASIInputStream.m in Sources */,
				62780CEB154E680900A4AD5A /* ASINetworkQueue.m in Sources */,
				62780CEE154E6A1000A4AD5A /* HttpClinetUingASIhttp_summaryReport.m in Sources */,
				62780CF1154E6C5900A4AD5A /* Reachability.m in Sources */,
				628589971569095100FB5410 /* AsyncImageView.m in Sources */,
				628589981569095100FB5410 /* FullyLoaded.m in Sources */,
				628589991569095100FB5410 /* WaterflowView.m in Sources */,
				628589A21569096800FB5410 /* LoadingMoreFooterView.m in Sources */,
				628589A6156909E200FB5410 /* ViewController.m in Sources */,
				18CE5212162AEA490003FC41 /* UIGlossyButton.m in Sources */,
				184C90E2162C47A600CF6CA5 /* HttpClientSampleViewController.m in Sources */,
				184C90E9162C47B600CF6CA5 /* HttpClient.m in Sources */,
				184C90EA162C47B600CF6CA5 /* HttpConnection.m in Sources */,
				184C90ED162C486400CF6CA5 /* JSONKit.m in Sources */,
				184CBC24162DA7960035F7EF /* TempViewController.m in Sources */,
				188658CB1632717A00798C91 /* AppAboutViewController.m in Sources */,
				1886592C1632D4D800798C91 /* imageCacheManager.m in Sources */,
				FA9B6E6916378F8200C5CD92 /* MBProgressHUD.m in Sources */,
				FA9DA85E163E619F00402D23 /* introductionViewController.m in Sources */,
				FAB49D4E164116BD000883A5 /* accountViewController.m in Sources */,
				18603B0916F7443400DF6FF8 /* CKCalendarView.m in Sources */,
				1853416416FB37F000D401E2 /* HttpPicUploader.m in Sources */,
				18F9303616FC95C70069CC03 /* BaiduShiTuViewController.m in Sources */,
				1800C71916FD502C003EB755 /* webResultViewController.m in Sources */,
			);
			runOnlyForDeploymentPostprocessing = 0;
		};
		62415507150AFD9A00944D48 /* Sources */ = {
			isa = PBXSourcesBuildPhase;
			buildActionMask = 2147483647;
			files = (
				6241551B150AFD9A00944D48 /* iSMTH_StockTests.m in Sources */,
			);
			runOnlyForDeploymentPostprocessing = 0;
		};
/* End PBXSourcesBuildPhase section */

/* Begin PBXTargetDependency section */
		62415512150AFD9A00944D48 /* PBXTargetDependency */ = {
			isa = PBXTargetDependency;
			target = 624154D8150AFD9A00944D48 /* iSMTH_DIY */;
			targetProxy = 62415511150AFD9A00944D48 /* PBXContainerItemProxy */;
		};
/* End PBXTargetDependency section */

/* Begin PBXVariantGroup section */
		624154E4150AFD9A00944D48 /* InfoPlist.strings */ = {
			isa = PBXVariantGroup;
			children = (
				624154E5150AFD9A00944D48 /* en */,
			);
			name = InfoPlist.strings;
			sourceTree = "<group>";
		};
		624154FB150AFD9A00944D48 /* FirstViewController_iPhone.xib */ = {
			isa = PBXVariantGroup;
			children = (
				624154FC150AFD9A00944D48 /* en */,
			);
			name = FirstViewController_iPhone.xib;
			sourceTree = "<group>";
		};
		624154FE150AFD9A00944D48 /* FirstViewController_iPad.xib */ = {
			isa = PBXVariantGroup;
			children = (
				624154FF150AFD9A00944D48 /* en */,
			);
			name = FirstViewController_iPad.xib;
			sourceTree = "<group>";
		};
		62415501150AFD9A00944D48 /* SecondViewController_iPhone.xib */ = {
			isa = PBXVariantGroup;
			children = (
				62415502150AFD9A00944D48 /* en */,
			);
			name = SecondViewController_iPhone.xib;
			sourceTree = "<group>";
		};
		62415504150AFD9A00944D48 /* SecondViewController_iPad.xib */ = {
			isa = PBXVariantGroup;
			children = (
				62415505150AFD9A00944D48 /* en */,
			);
			name = SecondViewController_iPad.xib;
			sourceTree = "<group>";
		};
		62415516150AFD9A00944D48 /* InfoPlist.strings */ = {
			isa = PBXVariantGroup;
			children = (
				62415517150AFD9A00944D48 /* en */,
			);
			name = InfoPlist.strings;
			sourceTree = "<group>";
		};
/* End PBXVariantGroup section */

/* Begin XCBuildConfiguration section */
		6241551C150AFD9A00944D48 /* Debug */ = {
			isa = XCBuildConfiguration;
			buildSettings = {
				ALWAYS_SEARCH_USER_PATHS = NO;
				ARCHS = "$(ARCHS_STANDARD_32_BIT)";
				CLANG_ENABLE_OBJC_ARC = YES;
				CODE_SIGN_IDENTITY = "iPhone Developer";
				"CODE_SIGN_IDENTITY[sdk=iphoneos*]" = "iPhone Developer";
				COPY_PHASE_STRIP = NO;
				GCC_C_LANGUAGE_STANDARD = gnu99;
				GCC_DYNAMIC_NO_PIC = NO;
				GCC_OPTIMIZATION_LEVEL = 0;
				GCC_PREPROCESSOR_DEFINITIONS = (
					"DEBUG=1",
					"$(inherited)",
				);
				GCC_SYMBOLS_PRIVATE_EXTERN = NO;
				GCC_VERSION = com.apple.compilers.llvm.clang.1_0;
				GCC_WARN_ABOUT_MISSING_PROTOTYPES = YES;
				GCC_WARN_ABOUT_RETURN_TYPE = YES;
				GCC_WARN_UNUSED_VARIABLE = YES;
				IPHONEOS_DEPLOYMENT_TARGET = 5.0;
				PROVISIONING_PROFILE = "";
				SDKROOT = iphoneos;
				TARGETED_DEVICE_FAMILY = "1,2";
				VALID_ARCHS = armv7;
			};
			name = Debug;
		};
		6241551D150AFD9A00944D48 /* Release */ = {
			isa = XCBuildConfiguration;
			buildSettings = {
				ALWAYS_SEARCH_USER_PATHS = NO;
				ARCHS = "$(ARCHS_STANDARD_32_BIT)";
				CLANG_ENABLE_OBJC_ARC = YES;
				CODE_SIGN_IDENTITY = "iPhone Developer";
				"CODE_SIGN_IDENTITY[sdk=iphoneos*]" = "iPhone Developer";
				COPY_PHASE_STRIP = YES;
				GCC_C_LANGUAGE_STANDARD = gnu99;
				GCC_VERSION = com.apple.compilers.llvm.clang.1_0;
				GCC_WARN_ABOUT_MISSING_PROTOTYPES = YES;
				GCC_WARN_ABOUT_RETURN_TYPE = YES;
				GCC_WARN_UNUSED_VARIABLE = YES;
				IPHONEOS_DEPLOYMENT_TARGET = 5.0;
				OTHER_CFLAGS = "-DNS_BLOCK_ASSERTIONS=1";
				PROVISIONING_PROFILE = "";
				SDKROOT = iphoneos;
				TARGETED_DEVICE_FAMILY = "1,2";
				VALIDATE_PRODUCT = YES;
				VALID_ARCHS = armv7;
			};
			name = Release;
		};
		6241551F150AFD9A00944D48 /* Debug */ = {
			isa = XCBuildConfiguration;
			buildSettings = {
				GCC_PRECOMPILE_PREFIX_HEADER = YES;
				GCC_PREFIX_HEADER = "iSMTH_Stock/iSMTH_DIY-Prefix.pch";
				GCC_VERSION = com.apple.compilers.llvm.clang.1_0;
				INFOPLIST_FILE = "iSMTH_Stock/iSMTH_DIY-Info.plist";
				IPHONEOS_DEPLOYMENT_TARGET = 5.0;
				LIBRARY_SEARCH_PATHS = (
					"$(inherited)",
					"\"$(SRCROOT)\"",
				);
				PRODUCT_NAME = iSMTH_DIY;
				TARGETED_DEVICE_FAMILY = "1,2";
				WRAPPER_EXTENSION = app;
			};
			name = Debug;
		};
		62415520150AFD9A00944D48 /* Release */ = {
			isa = XCBuildConfiguration;
			buildSettings = {
				GCC_PRECOMPILE_PREFIX_HEADER = YES;
				GCC_PREFIX_HEADER = "iSMTH_Stock/iSMTH_DIY-Prefix.pch";
				GCC_VERSION = com.apple.compilers.llvm.clang.1_0;
				INFOPLIST_FILE = "iSMTH_Stock/iSMTH_DIY-Info.plist";
				IPHONEOS_DEPLOYMENT_TARGET = 5.0;
				LIBRARY_SEARCH_PATHS = (
					"$(inherited)",
					"\"$(SRCROOT)\"",
				);
				PRODUCT_NAME = iSMTH_DIY;
				TARGETED_DEVICE_FAMILY = "1,2";
				WRAPPER_EXTENSION = app;
			};
			name = Release;
		};
		62415522150AFD9A00944D48 /* Debug */ = {
			isa = XCBuildConfiguration;
			buildSettings = {
				BUNDLE_LOADER = "$(BUILT_PRODUCTS_DIR)/iSMTH_Stock.app/iSMTH_Stock";
				FRAMEWORK_SEARCH_PATHS = (
					"$(SDKROOT)/Developer/Library/Frameworks",
					"$(DEVELOPER_LIBRARY_DIR)/Frameworks",
				);
				GCC_PRECOMPILE_PREFIX_HEADER = YES;
				GCC_PREFIX_HEADER = "iSMTH_Stock/iSMTH_Stock-Prefix.pch";
				INFOPLIST_FILE = "iSMTH_StockTests/iSMTH_DIYTests-Info.plist";
				PRODUCT_NAME = iSMTH_DIYTests;
				TEST_HOST = "$(BUNDLE_LOADER)";
				WRAPPER_EXTENSION = octest;
			};
			name = Debug;
		};
		62415523150AFD9A00944D48 /* Release */ = {
			isa = XCBuildConfiguration;
			buildSettings = {
				BUNDLE_LOADER = "$(BUILT_PRODUCTS_DIR)/iSMTH_Stock.app/iSMTH_Stock";
				FRAMEWORK_SEARCH_PATHS = (
					"$(SDKROOT)/Developer/Library/Frameworks",
					"$(DEVELOPER_LIBRARY_DIR)/Frameworks",
				);
				GCC_PRECOMPILE_PREFIX_HEADER = YES;
				GCC_PREFIX_HEADER = "iSMTH_Stock/iSMTH_Stock-Prefix.pch";
				INFOPLIST_FILE = "iSMTH_StockTests/iSMTH_DIYTests-Info.plist";
				PRODUCT_NAME = iSMTH_DIYTests;
				TEST_HOST = "$(BUNDLE_LOADER)";
				WRAPPER_EXTENSION = octest;
			};
			name = Release;
		};
/* End XCBuildConfiguration section */

/* Begin XCConfigurationList section */
		624154D3150AFD9900944D48 /* Build configuration list for PBXProject "iSMTH_DIY" */ = {
			isa = XCConfigurationList;
			buildConfigurations = (
				6241551C150AFD9A00944D48 /* Debug */,
				6241551D150AFD9A00944D48 /* Release */,
			);
			defaultConfigurationIsVisible = 0;
			defaultConfigurationName = Release;
		};
		6241551E150AFD9A00944D48 /* Build configuration list for PBXNativeTarget "iSMTH_DIY" */ = {
			isa = XCConfigurationList;
			buildConfigurations = (
				6241551F150AFD9A00944D48 /* Debug */,
				62415520150AFD9A00944D48 /* Release */,
			);
			defaultConfigurationIsVisible = 0;
			defaultConfigurationName = Release;
		};
		62415521150AFD9A00944D48 /* Build configuration list for PBXNativeTarget "iSMTH_DIYTests" */ = {
			isa = XCConfigurationList;
			buildConfigurations = (
				62415522150AFD9A00944D48 /* Debug */,
				62415523150AFD9A00944D48 /* Release */,
			);
			defaultConfigurationIsVisible = 0;
			defaultConfigurationName = Release;
		};
/* End XCConfigurationList section */
	};
	rootObject = 624154D0150AFD9900944D48 /* Project object */;
}
